// !$*UTF8*$!
{
	archiveVersion = 1;
	classes = {
	};
	objectVersion = 50;
	objects = {

/* Begin PBXBuildFile section */
		DE28B4D720BCAAC2004F8A31 /* AppDelegate.swift in Sources */ = {isa = PBXBuildFile; fileRef = DE28B4D620BCAAC2004F8A31 /* AppDelegate.swift */; };
		DE28B4D920BCAAC2004F8A31 /* ViewController.swift in Sources */ = {isa = PBXBuildFile; fileRef = DE28B4D820BCAAC2004F8A31 /* ViewController.swift */; };
		DE28B4DC20BCAAC2004F8A31 /* Main.storyboard in Resources */ = {isa = PBXBuildFile; fileRef = DE28B4DA20BCAAC2004F8A31 /* Main.storyboard */; };
		DE28B4DE20BCAAC7004F8A31 /* Assets.xcassets in Resources */ = {isa = PBXBuildFile; fileRef = DE28B4DD20BCAAC7004F8A31 /* Assets.xcassets */; };
		DE28B4E120BCAAC7004F8A31 /* LaunchScreen.storyboard in Resources */ = {isa = PBXBuildFile; fileRef = DE28B4DF20BCAAC7004F8A31 /* LaunchScreen.storyboard */; };
		DE28B4EC20BCAAC7004F8A31 /* DemoPlayingCardTests.swift in Sources */ = {isa = PBXBuildFile; fileRef = DE28B4EB20BCAAC7004F8A31 /* DemoPlayingCardTests.swift */; };
		DE28B4F720BCAAC7004F8A31 /* DemoPlayingCardUITests.swift in Sources */ = {isa = PBXBuildFile; fileRef = DE28B4F620BCAAC7004F8A31 /* DemoPlayingCardUITests.swift */; };
		DE28B50520BCAB0F004F8A31 /* PlayingCard.swift in Sources */ = {isa = PBXBuildFile; fileRef = DE28B50420BCAB0F004F8A31 /* PlayingCard.swift */; };
		DE28B50720BCB009004F8A31 /* PlayingCardDeck.swift in Sources */ = {isa = PBXBuildFile; fileRef = DE28B50620BCB009004F8A31 /* PlayingCardDeck.swift */; };
/* End PBXBuildFile section */

/* Begin PBXContainerItemProxy section */
		DE28B4E820BCAAC7004F8A31 /* PBXContainerItemProxy */ = {
			isa = PBXContainerItemProxy;
			containerPortal = DE28B4CB20BCAAC2004F8A31 /* Project object */;
			proxyType = 1;
			remoteGlobalIDString = DE28B4D220BCAAC2004F8A31;
			remoteInfo = DemoPlayingCard;
		};
		DE28B4F320BCAAC7004F8A31 /* PBXContainerItemProxy */ = {
			isa = PBXContainerItemProxy;
			containerPortal = DE28B4CB20BCAAC2004F8A31 /* Project object */;
			proxyType = 1;
			remoteGlobalIDString = DE28B4D220BCAAC2004F8A31;
			remoteInfo = DemoPlayingCard;
		};
/* End PBXContainerItemProxy section */

/* Begin PBXFileReference section */
		DE28B4D320BCAAC2004F8A31 /* DemoPlayingCard.app */ = {isa = PBXFileReference; explicitFileType = wrapper.application; includeInIndex = 0; path = DemoPlayingCard.app; sourceTree = BUILT_PRODUCTS_DIR; };
		DE28B4D620BCAAC2004F8A31 /* AppDelegate.swift */ = {isa = PBXFileReference; lastKnownFileType = sourcecode.swift; path = AppDelegate.swift; sourceTree = "<group>"; };
		DE28B4D820BCAAC2004F8A31 /* ViewController.swift */ = {isa = PBXFileReference; lastKnownFileType = sourcecode.swift; path = ViewController.swift; sourceTree = "<group>"; };
		DE28B4DB20BCAAC2004F8A31 /* Base */ = {isa = PBXFileReference; lastKnownFileType = file.storyboard; name = Base; path = Base.lproj/Main.storyboard; sourceTree = "<group>"; };
		DE28B4DD20BCAAC7004F8A31 /* Assets.xcassets */ = {isa = PBXFileReference; lastKnownFileType = folder.assetcatalog; path = Assets.xcassets; sourceTree = "<group>"; };
		DE28B4E020BCAAC7004F8A31 /* Base */ = {isa = PBXFileReference; lastKnownFileType = file.storyboard; name = Base; path = Base.lproj/LaunchScreen.storyboard; sourceTree = "<group>"; };
		DE28B4E220BCAAC7004F8A31 /* Info.plist */ = {isa = PBXFileReference; lastKnownFileType = text.plist.xml; path = Info.plist; sourceTree = "<group>"; };
		DE28B4E720BCAAC7004F8A31 /* DemoPlayingCardTests.xctest */ = {isa = PBXFileReference; explicitFileType = wrapper.cfbundle; includeInIndex = 0; path = DemoPlayingCardTests.xctest; sourceTree = BUILT_PRODUCTS_DIR; };
		DE28B4EB20BCAAC7004F8A31 /* DemoPlayingCardTests.swift */ = {isa = PBXFileReference; lastKnownFileType = sourcecode.swift; path = DemoPlayingCardTests.swift; sourceTree = "<group>"; };
		DE28B4ED20BCAAC7004F8A31 /* Info.plist */ = {isa = PBXFileReference; lastKnownFileType = text.plist.xml; path = Info.plist; sourceTree = "<group>"; };
		DE28B4F220BCAAC7004F8A31 /* DemoPlayingCardUITests.xctest */ = {isa = PBXFileReference; explicitFileType = wrapper.cfbundle; includeInIndex = 0; path = DemoPlayingCardUITests.xctest; sourceTree = BUILT_PRODUCTS_DIR; };
		DE28B4F620BCAAC7004F8A31 /* DemoPlayingCardUITests.swift */ = {isa = PBXFileReference; lastKnownFileType = sourcecode.swift; path = DemoPlayingCardUITests.swift; sourceTree = "<group>"; };
		DE28B4F820BCAAC7004F8A31 /* Info.plist */ = {isa = PBXFileReference; lastKnownFileType = text.plist.xml; path = Info.plist; sourceTree = "<group>"; };
		DE28B50420BCAB0F004F8A31 /* PlayingCard.swift */ = {isa = PBXFileReference; lastKnownFileType = sourcecode.swift; path = PlayingCard.swift; sourceTree = "<group>"; };
		DE28B50620BCB009004F8A31 /* PlayingCardDeck.swift */ = {isa = PBXFileReference; lastKnownFileType = sourcecode.swift; path = PlayingCardDeck.swift; sourceTree = "<group>"; };
/* End PBXFileReference section */

/* Begin PBXFrameworksBuildPhase section */
		DE28B4D020BCAAC2004F8A31 /* Frameworks */ = {
			isa = PBXFrameworksBuildPhase;
			buildActionMask = 2147483647;
			files = (
			);
			runOnlyForDeploymentPostprocessing = 0;
		};
		DE28B4E420BCAAC7004F8A31 /* Frameworks */ = {
			isa = PBXFrameworksBuildPhase;
			buildActionMask = 2147483647;
			files = (
			);
			runOnlyForDeploymentPostprocessing = 0;
		};
		DE28B4EF20BCAAC7004F8A31 /* Frameworks */ = {
			isa = PBXFrameworksBuildPhase;
			buildActionMask = 2147483647;
			files = (
			);
			runOnlyForDeploymentPostprocessing = 0;
		};
/* End PBXFrameworksBuildPhase section */

/* Begin PBXGroup section */
		DE28B4CA20BCAAC2004F8A31 = {
			isa = PBXGroup;
			children = (
				DE28B4D520BCAAC2004F8A31 /* DemoPlayingCard */,
				DE28B4EA20BCAAC7004F8A31 /* DemoPlayingCardTests */,
				DE28B4F520BCAAC7004F8A31 /* DemoPlayingCardUITests */,
				DE28B4D420BCAAC2004F8A31 /* Products */,
			);
			sourceTree = "<group>";
		};
		DE28B4D420BCAAC2004F8A31 /* Products */ = {
			isa = PBXGroup;
			children = (
				DE28B4D320BCAAC2004F8A31 /* DemoPlayingCard.app */,
				DE28B4E720BCAAC7004F8A31 /* DemoPlayingCardTests.xctest */,
				DE28B4F220BCAAC7004F8A31 /* DemoPlayingCardUITests.xctest */,
			);
			name = Products;
			sourceTree = "<group>";
		};
		DE28B4D520BCAAC2004F8A31 /* DemoPlayingCard */ = {
			isa = PBXGroup;
			children = (
				DE28B50420BCAB0F004F8A31 /* PlayingCard.swift */,
				DE28B50620BCB009004F8A31 /* PlayingCardDeck.swift */,
				DE28B4D620BCAAC2004F8A31 /* AppDelegate.swift */,
				DE28B4D820BCAAC2004F8A31 /* ViewController.swift */,
				DE28B4DA20BCAAC2004F8A31 /* Main.storyboard */,
				DE28B4DD20BCAAC7004F8A31 /* Assets.xcassets */,
				DE28B4DF20BCAAC7004F8A31 /* LaunchScreen.storyboard */,
				DE28B4E220BCAAC7004F8A31 /* Info.plist */,
			);
			path = DemoPlayingCard;
			sourceTree = "<group>";
		};
		DE28B4EA20BCAAC7004F8A31 /* DemoPlayingCardTests */ = {
			isa = PBXGroup;
			children = (
				DE28B4EB20BCAAC7004F8A31 /* DemoPlayingCardTests.swift */,
				DE28B4ED20BCAAC7004F8A31 /* Info.plist */,
			);
			path = DemoPlayingCardTests;
			sourceTree = "<group>";
		};
		DE28B4F520BCAAC7004F8A31 /* DemoPlayingCardUITests */ = {
			isa = PBXGroup;
			children = (
				DE28B4F620BCAAC7004F8A31 /* DemoPlayingCardUITests.swift */,
				DE28B4F820BCAAC7004F8A31 /* Info.plist */,
			);
			path = DemoPlayingCardUITests;
			sourceTree = "<group>";
		};
/* End PBXGroup section */

/* Begin PBXNativeTarget section */
		DE28B4D220BCAAC2004F8A31 /* DemoPlayingCard */ = {
			isa = PBXNativeTarget;
			buildConfigurationList = DE28B4FB20BCAAC7004F8A31 /* Build configuration list for PBXNativeTarget "DemoPlayingCard" */;
			buildPhases = (
				DE28B4CF20BCAAC2004F8A31 /* Sources */,
				DE28B4D020BCAAC2004F8A31 /* Frameworks */,
				DE28B4D120BCAAC2004F8A31 /* Resources */,
			);
			buildRules = (
			);
			dependencies = (
			);
			name = DemoPlayingCard;
			productName = DemoPlayingCard;
			productReference = DE28B4D320BCAAC2004F8A31 /* DemoPlayingCard.app */;
			productType = "com.apple.product-type.application";
		};
		DE28B4E620BCAAC7004F8A31 /* DemoPlayingCardTests */ = {
			isa = PBXNativeTarget;
			buildConfigurationList = DE28B4FE20BCAAC7004F8A31 /* Build configuration list for PBXNativeTarget "DemoPlayingCardTests" */;
			buildPhases = (
				DE28B4E320BCAAC7004F8A31 /* Sources */,
				DE28B4E420BCAAC7004F8A31 /* Frameworks */,
				DE28B4E520BCAAC7004F8A31 /* Resources */,
			);
			buildRules = (
			);
			dependencies = (
				DE28B4E920BCAAC7004F8A31 /* PBXTargetDependency */,
			);
			name = DemoPlayingCardTests;
			productName = DemoPlayingCardTests;
			productReference = DE28B4E720BCAAC7004F8A31 /* DemoPlayingCardTests.xctest */;
			productType = "com.apple.product-type.bundle.unit-test";
		};
		DE28B4F120BCAAC7004F8A31 /* DemoPlayingCardUITests */ = {
			isa = PBXNativeTarget;
			buildConfigurationList = DE28B50120BCAAC7004F8A31 /* Build configuration list for PBXNativeTarget "DemoPlayingCardUITests" */;
			buildPhases = (
				DE28B4EE20BCAAC7004F8A31 /* Sources */,
				DE28B4EF20BCAAC7004F8A31 /* Frameworks */,
				DE28B4F020BCAAC7004F8A31 /* Resources */,
			);
			buildRules = (
			);
			dependencies = (
				DE28B4F420BCAAC7004F8A31 /* PBXTargetDependency */,
			);
			name = DemoPlayingCardUITests;
			productName = DemoPlayingCardUITests;
			productReference = DE28B4F220BCAAC7004F8A31 /* DemoPlayingCardUITests.xctest */;
			productType = "com.apple.product-type.bundle.ui-testing";
		};
/* End PBXNativeTarget section */

/* Begin PBXProject section */
		DE28B4CB20BCAAC2004F8A31 /* Project object */ = {
			isa = PBXProject;
			attributes = {
				LastSwiftUpdateCheck = 0930;
				LastUpgradeCheck = 0930;
				ORGANIZATIONNAME = "佐藤亘";
				TargetAttributes = {
					DE28B4D220BCAAC2004F8A31 = {
						CreatedOnToolsVersion = 9.3.1;
					};
					DE28B4E620BCAAC7004F8A31 = {
						CreatedOnToolsVersion = 9.3.1;
						TestTargetID = DE28B4D220BCAAC2004F8A31;
					};
					DE28B4F120BCAAC7004F8A31 = {
						CreatedOnToolsVersion = 9.3.1;
						TestTargetID = DE28B4D220BCAAC2004F8A31;
					};
				};
			};
			buildConfigurationList = DE28B4CE20BCAAC2004F8A31 /* Build configuration list for PBXProject "DemoPlayingCard" */;
			compatibilityVersion = "Xcode 9.3";
			developmentRegion = en;
			hasScannedForEncodings = 0;
			knownRegions = (
				en,
				Base,
			);
			mainGroup = DE28B4CA20BCAAC2004F8A31;
			productRefGroup = DE28B4D420BCAAC2004F8A31 /* Products */;
			projectDirPath = "";
			projectRoot = "";
			targets = (
				DE28B4D220BCAAC2004F8A31 /* DemoPlayingCard */,
				DE28B4E620BCAAC7004F8A31 /* DemoPlayingCardTests */,
				DE28B4F120BCAAC7004F8A31 /* DemoPlayingCardUITests */,
			);
		};
/* End PBXProject section */

/* Begin PBXResourcesBuildPhase section */
		DE28B4D120BCAAC2004F8A31 /* Resources */ = {
			isa = PBXResourcesBuildPhase;
			buildActionMask = 2147483647;
			files = (
				DE28B4E120BCAAC7004F8A31 /* LaunchScreen.storyboard in Resources */,
				DE28B4DE20BCAAC7004F8A31 /* Assets.xcassets in Resources */,
				DE28B4DC20BCAAC2004F8A31 /* Main.storyboard in Resources */,
			);
			runOnlyForDeploymentPostprocessing = 0;
		};
		DE28B4E520BCAAC7004F8A31 /* Resources */ = {
			isa = PBXResourcesBuildPhase;
			buildActionMask = 2147483647;
			files = (
			);
			runOnlyForDeploymentPostprocessing = 0;
		};
		DE28B4F020BCAAC7004F8A31 /* Resources */ = {
			isa = PBXResourcesBuildPhase;
			buildActionMask = 2147483647;
			files = (
			);
			runOnlyForDeploymentPostprocessing = 0;
		};
/* End PBXResourcesBuildPhase section */

/* Begin PBXSourcesBuildPhase section */
		DE28B4CF20BCAAC2004F8A31 /* Sources */ = {
			isa = PBXSourcesBuildPhase;
			buildActionMask = 2147483647;
			files = (
				DE28B4D920BCAAC2004F8A31 /* ViewController.swift in Sources */,
				DE28B50720BCB009004F8A31 /* PlayingCardDeck.swift in Sources */,
				DE28B50520BCAB0F004F8A31 /* PlayingCard.swift in Sources */,
				DE28B4D720BCAAC2004F8A31 /* AppDelegate.swift in Sources */,
			);
			runOnlyForDeploymentPostprocessing = 0;
		};
		DE28B4E320BCAAC7004F8A31 /* Sources */ = {
			isa = PBXSourcesBuildPhase;
			buildActionMask = 2147483647;
			files = (
				DE28B4EC20BCAAC7004F8A31 /* DemoPlayingCardTests.swift in Sources */,
			);
			runOnlyForDeploymentPostprocessing = 0;
		};
		DE28B4EE20BCAAC7004F8A31 /* Sources */ = {
			isa = PBXSourcesBuildPhase;
			buildActionMask = 2147483647;
			files = (
				DE28B4F720BCAAC7004F8A31 /* DemoPlayingCardUITests.swift in Sources */,
			);
			runOnlyForDeploymentPostprocessing = 0;
		};
/* End PBXSourcesBuildPhase section */

/* Begin PBXTargetDependency section */
		DE28B4E920BCAAC7004F8A31 /* PBXTargetDependency */ = {
			isa = PBXTargetDependency;
			target = DE28B4D220BCAAC2004F8A31 /* DemoPlayingCard */;
			targetProxy = DE28B4E820BCAAC7004F8A31 /* PBXContainerItemProxy */;
		};
		DE28B4F420BCAAC7004F8A31 /* PBXTargetDependency */ = {
			isa = PBXTargetDependency;
			target = DE28B4D220BCAAC2004F8A31 /* DemoPlayingCard */;
			targetProxy = DE28B4F320BCAAC7004F8A31 /* PBXContainerItemProxy */;
		};
/* End PBXTargetDependency section */

/* Begin PBXVariantGroup section */
		DE28B4DA20BCAAC2004F8A31 /* Main.storyboard */ = {
			isa = PBXVariantGroup;
			children = (
				DE28B4DB20BCAAC2004F8A31 /* Base */,
			);
			name = Main.storyboard;
			sourceTree = "<group>";
		};
		DE28B4DF20BCAAC7004F8A31 /* LaunchScreen.storyboard */ = {
			isa = PBXVariantGroup;
			children = (
				DE28B4E020BCAAC7004F8A31 /* Base */,
			);
			name = LaunchScreen.storyboard;
			sourceTree = "<group>";
		};
/* End PBXVariantGroup section */

/* Begin XCBuildConfiguration section */
		DE28B4F920BCAAC7004F8A31 /* Debug */ = {
			isa = XCBuildConfiguration;
			buildSettings = {
				ALWAYS_SEARCH_USER_PATHS = NO;
				CLANG_ANALYZER_NONNULL = YES;
				CLANG_ANALYZER_NUMBER_OBJECT_CONVERSION = YES_AGGRESSIVE;
				CLANG_CXX_LANGUAGE_STANDARD = "gnu++14";
				CLANG_CXX_LIBRARY = "libc++";
				CLANG_ENABLE_MODULES = YES;
				CLANG_ENABLE_OBJC_ARC = YES;
				CLANG_ENABLE_OBJC_WEAK = YES;
				CLANG_WARN_BLOCK_CAPTURE_AUTORELEASING = YES;
				CLANG_WARN_BOOL_CONVERSION = YES;
				CLANG_WARN_COMMA = YES;
				CLANG_WARN_CONSTANT_CONVERSION = YES;
				CLANG_WARN_DEPRECATED_OBJC_IMPLEMENTATIONS = YES;
				CLANG_WARN_DIRECT_OBJC_ISA_USAGE = YES_ERROR;
				CLANG_WARN_DOCUMENTATION_COMMENTS = YES;
				CLANG_WARN_EMPTY_BODY = YES;
				CLANG_WARN_ENUM_CONVERSION = YES;
				CLANG_WARN_INFINITE_RECURSION = YES;
				CLANG_WARN_INT_CONVERSION = YES;
				CLANG_WARN_NON_LITERAL_NULL_CONVERSION = YES;
				CLANG_WARN_OBJC_IMPLICIT_RETAIN_SELF = YES;
				CLANG_WARN_OBJC_LITERAL_CONVERSION = YES;
				CLANG_WARN_OBJC_ROOT_CLASS = YES_ERROR;
				CLANG_WARN_RANGE_LOOP_ANALYSIS = YES;
				CLANG_WARN_STRICT_PROTOTYPES = YES;
				CLANG_WARN_SUSPICIOUS_MOVE = YES;
				CLANG_WARN_UNGUARDED_AVAILABILITY = YES_AGGRESSIVE;
				CLANG_WARN_UNREACHABLE_CODE = YES;
				CLANG_WARN__DUPLICATE_METHOD_MATCH = YES;
				CODE_SIGN_IDENTITY = "iPhone Developer";
				COPY_PHASE_STRIP = NO;
				DEBUG_INFORMATION_FORMAT = dwarf;
				ENABLE_STRICT_OBJC_MSGSEND = YES;
				ENABLE_TESTABILITY = YES;
				GCC_C_LANGUAGE_STANDARD = gnu11;
				GCC_DYNAMIC_NO_PIC = NO;
				GCC_NO_COMMON_BLOCKS = YES;
				GCC_OPTIMIZATION_LEVEL = 0;
				GCC_PREPROCESSOR_DEFINITIONS = (
					"DEBUG=1",
					"$(inherited)",
				);
				GCC_WARN_64_TO_32_BIT_CONVERSION = YES;
				GCC_WARN_ABOUT_RETURN_TYPE = YES_ERROR;
				GCC_WARN_UNDECLARED_SELECTOR = YES;
				GCC_WARN_UNINITIALIZED_AUTOS = YES_AGGRESSIVE;
				GCC_WARN_UNUSED_FUNCTION = YES;
				GCC_WARN_UNUSED_VARIABLE = YES;
				IPHONEOS_DEPLOYMENT_TARGET = 11.3;
				MTL_ENABLE_DEBUG_INFO = YES;
				ONLY_ACTIVE_ARCH = YES;
				SDKROOT = iphoneos;
				SWIFT_ACTIVE_COMPILATION_CONDITIONS = DEBUG;
				SWIFT_OPTIMIZATION_LEVEL = "-Onone";
			};
			name = Debug;
		};
		DE28B4FA20BCAAC7004F8A31 /* Release */ = {
			isa = XCBuildConfiguration;
			buildSettings = {
				ALWAYS_SEARCH_USER_PATHS = NO;
				CLANG_ANALYZER_NONNULL = YES;
				CLANG_ANALYZER_NUMBER_OBJECT_CONVERSION = YES_AGGRESSIVE;
				CLANG_CXX_LANGUAGE_STANDARD = "gnu++14";
				CLANG_CXX_LIBRARY = "libc++";
				CLANG_ENABLE_MODULES = YES;
				CLANG_ENABLE_OBJC_ARC = YES;
				CLANG_ENABLE_OBJC_WEAK = YES;
				CLANG_WARN_BLOCK_CAPTURE_AUTORELEASING = YES;
				CLANG_WARN_BOOL_CONVERSION = YES;
				CLANG_WARN_COMMA = YES;
				CLANG_WARN_CONSTANT_CONVERSION = YES;
				CLANG_WARN_DEPRECATED_OBJC_IMPLEMENTATIONS = YES;
				CLANG_WARN_DIRECT_OBJC_ISA_USAGE = YES_ERROR;
				CLANG_WARN_DOCUMENTATION_COMMENTS = YES;
				CLANG_WARN_EMPTY_BODY = YES;
				CLANG_WARN_ENUM_CONVERSION = YES;
				CLANG_WARN_INFINITE_RECURSION = YES;
				CLANG_WARN_INT_CONVERSION = YES;
				CLANG_WARN_NON_LITERAL_NULL_CONVERSION = YES;
				CLANG_WARN_OBJC_IMPLICIT_RETAIN_SELF = YES;
				CLANG_WARN_OBJC_LITERAL_CONVERSION = YES;
				CLANG_WARN_OBJC_ROOT_CLASS = YES_ERROR;
				CLANG_WARN_RANGE_LOOP_ANALYSIS = YES;
				CLANG_WARN_STRICT_PROTOTYPES = YES;
				CLANG_WARN_SUSPICIOUS_MOVE = YES;
				CLANG_WARN_UNGUARDED_AVAILABILITY = YES_AGGRESSIVE;
				CLANG_WARN_UNREACHABLE_CODE = YES;
				CLANG_WARN__DUPLICATE_METHOD_MATCH = YES;
				CODE_SIGN_IDENTITY = "iPhone Developer";
				COPY_PHASE_STRIP = NO;
				DEBUG_INFORMATION_FORMAT = "dwarf-with-dsym";
				ENABLE_NS_ASSERTIONS = NO;
				ENABLE_STRICT_OBJC_MSGSEND = YES;
				GCC_C_LANGUAGE_STANDARD = gnu11;
				GCC_NO_COMMON_BLOCKS = YES;
				GCC_WARN_64_TO_32_BIT_CONVERSION = YES;
				GCC_WARN_ABOUT_RETURN_TYPE = YES_ERROR;
				GCC_WARN_UNDECLARED_SELECTOR = YES;
				GCC_WARN_UNINITIALIZED_AUTOS = YES_AGGRESSIVE;
				GCC_WARN_UNUSED_FUNCTION = YES;
				GCC_WARN_UNUSED_VARIABLE = YES;
				IPHONEOS_DEPLOYMENT_TARGET = 11.3;
				MTL_ENABLE_DEBUG_INFO = NO;
				SDKROOT = iphoneos;
				SWIFT_COMPILATION_MODE = wholemodule;
				SWIFT_OPTIMIZATION_LEVEL = "-O";
				VALIDATE_PRODUCT = YES;
			};
			name = Release;
		};
		DE28B4FC20BCAAC7004F8A31 /* Debug */ = {
			isa = XCBuildConfiguration;
			buildSettings = {
				ASSETCATALOG_COMPILER_APPICON_NAME = AppIcon;
				CODE_SIGN_STYLE = Automatic;
				INFOPLIST_FILE = DemoPlayingCard/Info.plist;
				LD_RUNPATH_SEARCH_PATHS = (
					"$(inherited)",
					"@executable_path/Frameworks",
				);
				PRODUCT_BUNDLE_IDENTIFIER = ca.ciccc.c.wataru.DemoPlayingCard;
				PRODUCT_NAME = "$(TARGET_NAME)";
				SWIFT_VERSION = 4.0;
				TARGETED_DEVICE_FAMILY = "1,2";
			};
			name = Debug;
		};
		DE28B4FD20BCAAC7004F8A31 /* Release */ = {
			isa = XCBuildConfiguration;
			buildSettings = {
				ASSETCATALOG_COMPILER_APPICON_NAME = AppIcon;
				CODE_SIGN_STYLE = Automatic;
				INFOPLIST_FILE = DemoPlayingCard/Info.plist;
				LD_RUNPATH_SEARCH_PATHS = (
					"$(inherited)",
					"@executable_path/Frameworks",
				);
				PRODUCT_BUNDLE_IDENTIFIER = ca.ciccc.c.wataru.DemoPlayingCard;
				PRODUCT_NAME = "$(TARGET_NAME)";
				SWIFT_VERSION = 4.0;
				TARGETED_DEVICE_FAMILY = "1,2";
			};
			name = Release;
		};
		DE28B4FF20BCAAC7004F8A31 /* Debug */ = {
			isa = XCBuildConfiguration;
			buildSettings = {
				ALWAYS_EMBED_SWIFT_STANDARD_LIBRARIES = YES;
				BUNDLE_LOADER = "$(TEST_HOST)";
				CODE_SIGN_STYLE = Automatic;
				INFOPLIST_FILE = DemoPlayingCardTests/Info.plist;
				LD_RUNPATH_SEARCH_PATHS = (
					"$(inherited)",
					"@executable_path/Frameworks",
					"@loader_path/Frameworks",
				);
				PRODUCT_BUNDLE_IDENTIFIER = ca.ciccc.c.wataru.DemoPlayingCardTests;
				PRODUCT_NAME = "$(TARGET_NAME)";
				SWIFT_VERSION = 4.0;
				TARGETED_DEVICE_FAMILY = "1,2";
				TEST_HOST = "$(BUILT_PRODUCTS_DIR)/DemoPlayingCard.app/DemoPlayingCard";
			};
			name = Debug;
		};
		DE28B50020BCAAC7004F8A31 /* Release */ = {
			isa = XCBuildConfiguration;
			buildSettings = {
				ALWAYS_EMBED_SWIFT_STANDARD_LIBRARIES = YES;
				BUNDLE_LOADER = "$(TEST_HOST)";
				CODE_SIGN_STYLE = Automatic;
				INFOPLIST_FILE = DemoPlayingCardTests/Info.plist;
				LD_RUNPATH_SEARCH_PATHS = (
					"$(inherited)",
					"@executable_path/Frameworks",
					"@loader_path/Frameworks",
				);
				PRODUCT_BUNDLE_IDENTIFIER = ca.ciccc.c.wataru.DemoPlayingCardTests;
				PRODUCT_NAME = "$(TARGET_NAME)";
				SWIFT_VERSION = 4.0;
				TARGETED_DEVICE_FAMILY = "1,2";
				TEST_HOST = "$(BUILT_PRODUCTS_DIR)/DemoPlayingCard.app/DemoPlayingCard";
			};
			name = Release;
		};
		DE28B50220BCAAC7004F8A31 /* Debug */ = {
			isa = XCBuildConfiguration;
			buildSettings = {
				ALWAYS_EMBED_SWIFT_STANDARD_LIBRARIES = YES;
				CODE_SIGN_STYLE = Automatic;
				INFOPLIST_FILE = DemoPlayingCardUITests/Info.plist;
				LD_RUNPATH_SEARCH_PATHS = (
					"$(inherited)",
					"@executable_path/Frameworks",
					"@loader_path/Frameworks",
				);
				PRODUCT_BUNDLE_IDENTIFIER = ca.ciccc.c.wataru.DemoPlayingCardUITests;
				PRODUCT_NAME = "$(TARGET_NAME)";
				SWIFT_VERSION = 4.0;
				TARGETED_DEVICE_FAMILY = "1,2";
				TEST_TARGET_NAME = DemoPlayingCard;
			};
			name = Debug;
		};
		DE28B50320BCAAC7004F8A31 /* Release */ = {
			isa = XCBuildConfiguration;
			buildSettings = {
				ALWAYS_EMBED_SWIFT_STANDARD_LIBRARIES = YES;
				CODE_SIGN_STYLE = Automatic;
				INFOPLIST_FILE = DemoPlayingCardUITests/Info.plist;
				LD_RUNPATH_SEARCH_PATHS = (
					"$(inherited)",
					"@executable_path/Frameworks",
					"@loader_path/Frameworks",
				);
				PRODUCT_BUNDLE_IDENTIFIER = ca.ciccc.c.wataru.DemoPlayingCardUITests;
				PRODUCT_NAME = "$(TARGET_NAME)";
				SWIFT_VERSION = 4.0;
				TARGETED_DEVICE_FAMILY = "1,2";
				TEST_TARGET_NAME = DemoPlayingCard;
			};
			name = Release;
		};
/* End XCBuildConfiguration section */

/* Begin XCConfigurationList section */
		DE28B4CE20BCAAC2004F8A31 /* Build configuration list for PBXProject "DemoPlayingCard" */ = {
			isa = XCConfigurationList;
			buildConfigurations = (
				DE28B4F920BCAAC7004F8A31 /* Debug */,
				DE28B4FA20BCAAC7004F8A31 /* Release */,
			);
			defaultConfigurationIsVisible = 0;
			defaultConfigurationName = Release;
		};
		DE28B4FB20BCAAC7004F8A31 /* Build configuration list for PBXNativeTarget "DemoPlayingCard" */ = {
			isa = XCConfigurationList;
			buildConfigurations = (
				DE28B4FC20BCAAC7004F8A31 /* Debug */,
				DE28B4FD20BCAAC7004F8A31 /* Release */,
			);
			defaultConfigurationIsVisible = 0;
			defaultConfigurationName = Release;
		};
		DE28B4FE20BCAAC7004F8A31 /* Build configuration list for PBXNativeTarget "DemoPlayingCardTests" */ = {
			isa = XCConfigurationList;
			buildConfigurations = (
				DE28B4FF20BCAAC7004F8A31 /* Debug */,
				DE28B50020BCAAC7004F8A31 /* Release */,
			);
			defaultConfigurationIsVisible = 0;
			defaultConfigurationName = Release;
		};
		DE28B50120BCAAC7004F8A31 /* Build configuration list for PBXNativeTarget "DemoPlayingCardUITests" */ = {
			isa = XCConfigurationList;
			buildConfigurations = (
				DE28B50220BCAAC7004F8A31 /* Debug */,
				DE28B50320BCAAC7004F8A31 /* Release */,
			);
			defaultConfigurationIsVisible = 0;
			defaultConfigurationName = Release;
		};
/* End XCConfigurationList section */
	};
	rootObject = DE28B4CB20BCAAC2004F8A31 /* Project object */;
}
