// !$*UTF8*$!
{
	archiveVersion = 1;
	classes = {
	};
	objectVersion = 50;
	objects = {

/* Begin PBXBuildFile section */
		DE8C9A4720C1EE65002E45BB /* AppDelegate.swift in Sources */ = {isa = PBXBuildFile; fileRef = DE8C9A4620C1EE65002E45BB /* AppDelegate.swift */; };
		DE8C9A4920C1EE65002E45BB /* ViewController.swift in Sources */ = {isa = PBXBuildFile; fileRef = DE8C9A4820C1EE65002E45BB /* ViewController.swift */; };
		DE8C9A4C20C1EE65002E45BB /* Main.storyboard in Resources */ = {isa = PBXBuildFile; fileRef = DE8C9A4A20C1EE65002E45BB /* Main.storyboard */; };
		DE8C9A4E20C1EE69002E45BB /* Assets.xcassets in Resources */ = {isa = PBXBuildFile; fileRef = DE8C9A4D20C1EE69002E45BB /* Assets.xcassets */; };
		DE8C9A5120C1EE69002E45BB /* LaunchScreen.storyboard in Resources */ = {isa = PBXBuildFile; fileRef = DE8C9A4F20C1EE69002E45BB /* LaunchScreen.storyboard */; };
/* End PBXBuildFile section */

/* Begin PBXFileReference section */
		DE8C9A4320C1EE64002E45BB /* TipCulculator.app */ = {isa = PBXFileReference; explicitFileType = wrapper.application; includeInIndex = 0; path = TipCulculator.app; sourceTree = BUILT_PRODUCTS_DIR; };
		DE8C9A4620C1EE65002E45BB /* AppDelegate.swift */ = {isa = PBXFileReference; lastKnownFileType = sourcecode.swift; path = AppDelegate.swift; sourceTree = "<group>"; };
		DE8C9A4820C1EE65002E45BB /* ViewController.swift */ = {isa = PBXFileReference; lastKnownFileType = sourcecode.swift; path = ViewController.swift; sourceTree = "<group>"; };
		DE8C9A4B20C1EE65002E45BB /* Base */ = {isa = PBXFileReference; lastKnownFileType = file.storyboard; name = Base; path = Base.lproj/Main.storyboard; sourceTree = "<group>"; };
		DE8C9A4D20C1EE69002E45BB /* Assets.xcassets */ = {isa = PBXFileReference; lastKnownFileType = folder.assetcatalog; path = Assets.xcassets; sourceTree = "<group>"; };
		DE8C9A5020C1EE69002E45BB /* Base */ = {isa = PBXFileReference; lastKnownFileType = file.storyboard; name = Base; path = Base.lproj/LaunchScreen.storyboard; sourceTree = "<group>"; };
		DE8C9A5220C1EE69002E45BB /* Info.plist */ = {isa = PBXFileReference; lastKnownFileType = text.plist.xml; path = Info.plist; sourceTree = "<group>"; };
/* End PBXFileReference section */

/* Begin PBXFrameworksBuildPhase section */
		DE8C9A4020C1EE64002E45BB /* Frameworks */ = {
			isa = PBXFrameworksBuildPhase;
			buildActionMask = 2147483647;
			files = (
			);
			runOnlyForDeploymentPostprocessing = 0;
		};
/* End PBXFrameworksBuildPhase section */

/* Begin PBXGroup section */
		DE8C9A3A20C1EE64002E45BB = {
			isa = PBXGroup;
			children = (
				DE8C9A4520C1EE65002E45BB /* TipCulculator */,
				DE8C9A4420C1EE64002E45BB /* Products */,
			);
			sourceTree = "<group>";
		};
		DE8C9A4420C1EE64002E45BB /* Products */ = {
			isa = PBXGroup;
			children = (
				DE8C9A4320C1EE64002E45BB /* TipCulculator.app */,
			);
			name = Products;
			sourceTree = "<group>";
		};
		DE8C9A4520C1EE65002E45BB /* TipCulculator */ = {
			isa = PBXGroup;
			children = (
				DE8C9A4620C1EE65002E45BB /* AppDelegate.swift */,
				DE8C9A4820C1EE65002E45BB /* ViewController.swift */,
				DE8C9A4A20C1EE65002E45BB /* Main.storyboard */,
				DE8C9A4D20C1EE69002E45BB /* Assets.xcassets */,
				DE8C9A4F20C1EE69002E45BB /* LaunchScreen.storyboard */,
				DE8C9A5220C1EE69002E45BB /* Info.plist */,
			);
			path = TipCulculator;
			sourceTree = "<group>";
		};
/* End PBXGroup section */

/* Begin PBXNativeTarget section */
		DE8C9A4220C1EE64002E45BB /* TipCulculator */ = {
			isa = PBXNativeTarget;
			buildConfigurationList = DE8C9A5520C1EE69002E45BB /* Build configuration list for PBXNativeTarget "TipCulculator" */;
			buildPhases = (
				DE8C9A3F20C1EE64002E45BB /* Sources */,
				DE8C9A4020C1EE64002E45BB /* Frameworks */,
				DE8C9A4120C1EE64002E45BB /* Resources */,
			);
			buildRules = (
			);
			dependencies = (
			);
			name = TipCulculator;
			productName = TipCulculator;
			productReference = DE8C9A4320C1EE64002E45BB /* TipCulculator.app */;
			productType = "com.apple.product-type.application";
		};
/* End PBXNativeTarget section */

/* Begin PBXProject section */
		DE8C9A3B20C1EE64002E45BB /* Project object */ = {
			isa = PBXProject;
			attributes = {
				LastSwiftUpdateCheck = 0940;
				LastUpgradeCheck = 0940;
				ORGANIZATIONNAME = "佐藤亘";
				TargetAttributes = {
					DE8C9A4220C1EE64002E45BB = {
						CreatedOnToolsVersion = 9.4;
					};
				};
			};
			buildConfigurationList = DE8C9A3E20C1EE64002E45BB /* Build configuration list for PBXProject "TipCulculator" */;
			compatibilityVersion = "Xcode 9.3";
			developmentRegion = en;
			hasScannedForEncodings = 0;
			knownRegions = (
				en,
				Base,
			);
			mainGroup = DE8C9A3A20C1EE64002E45BB;
			productRefGroup = DE8C9A4420C1EE64002E45BB /* Products */;
			projectDirPath = "";
			projectRoot = "";
			targets = (
				DE8C9A4220C1EE64002E45BB /* TipCulculator */,
			);
		};
/* End PBXProject section */

/* Begin PBXResourcesBuildPhase section */
		DE8C9A4120C1EE64002E45BB /* Resources */ = {
			isa = PBXResourcesBuildPhase;
			buildActionMask = 2147483647;
			files = (
				DE8C9A5120C1EE69002E45BB /* LaunchScreen.storyboard in Resources */,
				DE8C9A4E20C1EE69002E45BB /* Assets.xcassets in Resources */,
				DE8C9A4C20C1EE65002E45BB /* Main.storyboard in Resources */,
			);
			runOnlyForDeploymentPostprocessing = 0;
		};
/* End PBXResourcesBuildPhase section */

/* Begin PBXSourcesBuildPhase section */
		DE8C9A3F20C1EE64002E45BB /* Sources */ = {
			isa = PBXSourcesBuildPhase;
			buildActionMask = 2147483647;
			files = (
				DE8C9A4920C1EE65002E45BB /* ViewController.swift in Sources */,
				DE8C9A4720C1EE65002E45BB /* AppDelegate.swift in Sources */,
			);
			runOnlyForDeploymentPostprocessing = 0;
		};
/* End PBXSourcesBuildPhase section */

/* Begin PBXVariantGroup section */
		DE8C9A4A20C1EE65002E45BB /* Main.storyboard */ = {
			isa = PBXVariantGroup;
			children = (
				DE8C9A4B20C1EE65002E45BB /* Base */,
			);
			name = Main.storyboard;
			sourceTree = "<group>";
		};
		DE8C9A4F20C1EE69002E45BB /* LaunchScreen.storyboard */ = {
			isa = PBXVariantGroup;
			children = (
				DE8C9A5020C1EE69002E45BB /* Base */,
			);
			name = LaunchScreen.storyboard;
			sourceTree = "<group>";
		};
/* End PBXVariantGroup section */

/* Begin XCBuildConfiguration section */
		DE8C9A5320C1EE69002E45BB /* Debug */ = {
			isa = XCBuildConfiguration;
			buildSettings = {
				ALWAYS_SEARCH_USER_PATHS = NO;
				CLANG_ANALYZER_NONNULL = YES;
				CLANG_ANALYZER_NUMBER_OBJECT_CONVERSION = YES_AGGRESSIVE;
				CLANG_CXX_LANGUAGE_STANDARD = "gnu++14";
				CLANG_CXX_LIBRARY = "libc++";
				CLANG_ENABLE_MODULES = YES;
				CLANG_ENABLE_OBJC_ARC = YES;
				CLANG_ENABLE_OBJC_WEAK = YES;
				CLANG_WARN_BLOCK_CAPTURE_AUTORELEASING = YES;
				CLANG_WARN_BOOL_CONVERSION = YES;
				CLANG_WARN_COMMA = YES;
				CLANG_WARN_CONSTANT_CONVERSION = YES;
				CLANG_WARN_DEPRECATED_OBJC_IMPLEMENTATIONS = YES;
				CLANG_WARN_DIRECT_OBJC_ISA_USAGE = YES_ERROR;
				CLANG_WARN_DOCUMENTATION_COMMENTS = YES;
				CLANG_WARN_EMPTY_BODY = YES;
				CLANG_WARN_ENUM_CONVERSION = YES;
				CLANG_WARN_INFINITE_RECURSION = YES;
				CLANG_WARN_INT_CONVERSION = YES;
				CLANG_WARN_NON_LITERAL_NULL_CONVERSION = YES;
				CLANG_WARN_OBJC_IMPLICIT_RETAIN_SELF = YES;
				CLANG_WARN_OBJC_LITERAL_CONVERSION = YES;
				CLANG_WARN_OBJC_ROOT_CLASS = YES_ERROR;
				CLANG_WARN_RANGE_LOOP_ANALYSIS = YES;
				CLANG_WARN_STRICT_PROTOTYPES = YES;
				CLANG_WARN_SUSPICIOUS_MOVE = YES;
				CLANG_WARN_UNGUARDED_AVAILABILITY = YES_AGGRESSIVE;
				CLANG_WARN_UNREACHABLE_CODE = YES;
				CLANG_WARN__DUPLICATE_METHOD_MATCH = YES;
				CODE_SIGN_IDENTITY = "iPhone Developer";
				COPY_PHASE_STRIP = NO;
				DEBUG_INFORMATION_FORMAT = dwarf;
				ENABLE_STRICT_OBJC_MSGSEND = YES;
				ENABLE_TESTABILITY = YES;
				GCC_C_LANGUAGE_STANDARD = gnu11;
				GCC_DYNAMIC_NO_PIC = NO;
				GCC_NO_COMMON_BLOCKS = YES;
				GCC_OPTIMIZATION_LEVEL = 0;
				GCC_PREPROCESSOR_DEFINITIONS = (
					"DEBUG=1",
					"$(inherited)",
				);
				GCC_WARN_64_TO_32_BIT_CONVERSION = YES;
				GCC_WARN_ABOUT_RETURN_TYPE = YES_ERROR;
				GCC_WARN_UNDECLARED_SELECTOR = YES;
				GCC_WARN_UNINITIALIZED_AUTOS = YES_AGGRESSIVE;
				GCC_WARN_UNUSED_FUNCTION = YES;
				GCC_WARN_UNUSED_VARIABLE = YES;
				IPHONEOS_DEPLOYMENT_TARGET = 11.4;
				MTL_ENABLE_DEBUG_INFO = YES;
				ONLY_ACTIVE_ARCH = YES;
				SDKROOT = iphoneos;
				SWIFT_ACTIVE_COMPILATION_CONDITIONS = DEBUG;
				SWIFT_OPTIMIZATION_LEVEL = "-Onone";
			};
			name = Debug;
		};
		DE8C9A5420C1EE69002E45BB /* Release */ = {
			isa = XCBuildConfiguration;
			buildSettings = {
				ALWAYS_SEARCH_USER_PATHS = NO;
				CLANG_ANALYZER_NONNULL = YES;
				CLANG_ANALYZER_NUMBER_OBJECT_CONVERSION = YES_AGGRESSIVE;
				CLANG_CXX_LANGUAGE_STANDARD = "gnu++14";
				CLANG_CXX_LIBRARY = "libc++";
				CLANG_ENABLE_MODULES = YES;
				CLANG_ENABLE_OBJC_ARC = YES;
				CLANG_ENABLE_OBJC_WEAK = YES;
				CLANG_WARN_BLOCK_CAPTURE_AUTORELEASING = YES;
				CLANG_WARN_BOOL_CONVERSION = YES;
				CLANG_WARN_COMMA = YES;
				CLANG_WARN_CONSTANT_CONVERSION = YES;
				CLANG_WARN_DEPRECATED_OBJC_IMPLEMENTATIONS = YES;
				CLANG_WARN_DIRECT_OBJC_ISA_USAGE = YES_ERROR;
				CLANG_WARN_DOCUMENTATION_COMMENTS = YES;
				CLANG_WARN_EMPTY_BODY = YES;
				CLANG_WARN_ENUM_CONVERSION = YES;
				CLANG_WARN_INFINITE_RECURSION = YES;
				CLANG_WARN_INT_CONVERSION = YES;
				CLANG_WARN_NON_LITERAL_NULL_CONVERSION = YES;
				CLANG_WARN_OBJC_IMPLICIT_RETAIN_SELF = YES;
				CLANG_WARN_OBJC_LITERAL_CONVERSION = YES;
				CLANG_WARN_OBJC_ROOT_CLASS = YES_ERROR;
				CLANG_WARN_RANGE_LOOP_ANALYSIS = YES;
				CLANG_WARN_STRICT_PROTOTYPES = YES;
				CLANG_WARN_SUSPICIOUS_MOVE = YES;
				CLANG_WARN_UNGUARDED_AVAILABILITY = YES_AGGRESSIVE;
				CLANG_WARN_UNREACHABLE_CODE = YES;
				CLANG_WARN__DUPLICATE_METHOD_MATCH = YES;
				CODE_SIGN_IDENTITY = "iPhone Developer";
				COPY_PHASE_STRIP = NO;
				DEBUG_INFORMATION_FORMAT = "dwarf-with-dsym";
				ENABLE_NS_ASSERTIONS = NO;
				ENABLE_STRICT_OBJC_MSGSEND = YES;
				GCC_C_LANGUAGE_STANDARD = gnu11;
				GCC_NO_COMMON_BLOCKS = YES;
				GCC_WARN_64_TO_32_BIT_CONVERSION = YES;
				GCC_WARN_ABOUT_RETURN_TYPE = YES_ERROR;
				GCC_WARN_UNDECLARED_SELECTOR = YES;
				GCC_WARN_UNINITIALIZED_AUTOS = YES_AGGRESSIVE;
				GCC_WARN_UNUSED_FUNCTION = YES;
				GCC_WARN_UNUSED_VARIABLE = YES;
				IPHONEOS_DEPLOYMENT_TARGET = 11.4;
				MTL_ENABLE_DEBUG_INFO = NO;
				SDKROOT = iphoneos;
				SWIFT_COMPILATION_MODE = wholemodule;
				SWIFT_OPTIMIZATION_LEVEL = "-O";
				VALIDATE_PRODUCT = YES;
			};
			name = Release;
		};
		DE8C9A5620C1EE69002E45BB /* Debug */ = {
			isa = XCBuildConfiguration;
			buildSettings = {
				ASSETCATALOG_COMPILER_APPICON_NAME = AppIcon;
				CODE_SIGN_STYLE = Automatic;
				INFOPLIST_FILE = TipCulculator/Info.plist;
				LD_RUNPATH_SEARCH_PATHS = (
					"$(inherited)",
					"@executable_path/Frameworks",
				);
				PRODUCT_BUNDLE_IDENTIFIER = ca.ciccc.c.wataru.TipCulculator;
				PRODUCT_NAME = "$(TARGET_NAME)";
				SWIFT_VERSION = 4.0;
				TARGETED_DEVICE_FAMILY = "1,2";
			};
			name = Debug;
		};
		DE8C9A5720C1EE69002E45BB /* Release */ = {
			isa = XCBuildConfiguration;
			buildSettings = {
				ASSETCATALOG_COMPILER_APPICON_NAME = AppIcon;
				CODE_SIGN_STYLE = Automatic;
				INFOPLIST_FILE = TipCulculator/Info.plist;
				LD_RUNPATH_SEARCH_PATHS = (
					"$(inherited)",
					"@executable_path/Frameworks",
				);
				PRODUCT_BUNDLE_IDENTIFIER = ca.ciccc.c.wataru.TipCulculator;
				PRODUCT_NAME = "$(TARGET_NAME)";
				SWIFT_VERSION = 4.0;
				TARGETED_DEVICE_FAMILY = "1,2";
			};
			name = Release;
		};
/* End XCBuildConfiguration section */

/* Begin XCConfigurationList section */
		DE8C9A3E20C1EE64002E45BB /* Build configuration list for PBXProject "TipCulculator" */ = {
			isa = XCConfigurationList;
			buildConfigurations = (
				DE8C9A5320C1EE69002E45BB /* Debug */,
				DE8C9A5420C1EE69002E45BB /* Release */,
			);
			defaultConfigurationIsVisible = 0;
			defaultConfigurationName = Release;
		};
		DE8C9A5520C1EE69002E45BB /* Build configuration list for PBXNativeTarget "TipCulculator" */ = {
			isa = XCConfigurationList;
			buildConfigurations = (
				DE8C9A5620C1EE69002E45BB /* Debug */,
				DE8C9A5720C1EE69002E45BB /* Release */,
			);
			defaultConfigurationIsVisible = 0;
			defaultConfigurationName = Release;
		};
/* End XCConfigurationList section */
	};
	rootObject = DE8C9A3B20C1EE64002E45BB /* Project object */;
}
