// !$*UTF8*$!
{
	archiveVersion = 1;
	classes = {
	};
	objectVersion = 50;
	objects = {

/* Begin PBXBuildFile section */
		DE58354920FD52B3007158EF /* AppDelegate.swift in Sources */ = {isa = PBXBuildFile; fileRef = DE58354820FD52B3007158EF /* AppDelegate.swift */; };
		DE58354B20FD52B3007158EF /* ViewController.swift in Sources */ = {isa = PBXBuildFile; fileRef = DE58354A20FD52B3007158EF /* ViewController.swift */; };
		DE58354E20FD52B3007158EF /* Main.storyboard in Resources */ = {isa = PBXBuildFile; fileRef = DE58354C20FD52B3007158EF /* Main.storyboard */; };
		DE58355020FD52B5007158EF /* Assets.xcassets in Resources */ = {isa = PBXBuildFile; fileRef = DE58354F20FD52B5007158EF /* Assets.xcassets */; };
		DE58355320FD52B5007158EF /* LaunchScreen.storyboard in Resources */ = {isa = PBXBuildFile; fileRef = DE58355120FD52B5007158EF /* LaunchScreen.storyboard */; };
		DE79935421028F1A009C13E8 /* Alamofire.framework in Frameworks */ = {isa = PBXBuildFile; fileRef = DE79935121028F1A009C13E8 /* Alamofire.framework */; };
		DE79935521028F1A009C13E8 /* EPSignature.framework in Frameworks */ = {isa = PBXBuildFile; fileRef = DE79935221028F1A009C13E8 /* EPSignature.framework */; };
		DE79935621028F1A009C13E8 /* SwiftyJSON.framework in Frameworks */ = {isa = PBXBuildFile; fileRef = DE79935321028F1A009C13E8 /* SwiftyJSON.framework */; };
/* End PBXBuildFile section */

/* Begin PBXFileReference section */
		DE58354520FD52B3007158EF /* Carthage-Test.app */ = {isa = PBXFileReference; explicitFileType = wrapper.application; includeInIndex = 0; path = "Carthage-Test.app"; sourceTree = BUILT_PRODUCTS_DIR; };
		DE58354820FD52B3007158EF /* AppDelegate.swift */ = {isa = PBXFileReference; lastKnownFileType = sourcecode.swift; path = AppDelegate.swift; sourceTree = "<group>"; };
		DE58354A20FD52B3007158EF /* ViewController.swift */ = {isa = PBXFileReference; lastKnownFileType = sourcecode.swift; path = ViewController.swift; sourceTree = "<group>"; };
		DE58354D20FD52B3007158EF /* Base */ = {isa = PBXFileReference; lastKnownFileType = file.storyboard; name = Base; path = Base.lproj/Main.storyboard; sourceTree = "<group>"; };
		DE58354F20FD52B5007158EF /* Assets.xcassets */ = {isa = PBXFileReference; lastKnownFileType = folder.assetcatalog; path = Assets.xcassets; sourceTree = "<group>"; };
		DE58355220FD52B5007158EF /* Base */ = {isa = PBXFileReference; lastKnownFileType = file.storyboard; name = Base; path = Base.lproj/LaunchScreen.storyboard; sourceTree = "<group>"; };
		DE58355420FD52B5007158EF /* Info.plist */ = {isa = PBXFileReference; lastKnownFileType = text.plist.xml; path = Info.plist; sourceTree = "<group>"; };
		DE79935121028F1A009C13E8 /* Alamofire.framework */ = {isa = PBXFileReference; lastKnownFileType = wrapper.framework; name = Alamofire.framework; path = Carthage/Build/iOS/Alamofire.framework; sourceTree = "<group>"; };
		DE79935221028F1A009C13E8 /* EPSignature.framework */ = {isa = PBXFileReference; lastKnownFileType = wrapper.framework; name = EPSignature.framework; path = Carthage/Build/iOS/EPSignature.framework; sourceTree = "<group>"; };
		DE79935321028F1A009C13E8 /* SwiftyJSON.framework */ = {isa = PBXFileReference; lastKnownFileType = wrapper.framework; name = SwiftyJSON.framework; path = Carthage/Build/iOS/SwiftyJSON.framework; sourceTree = "<group>"; };
/* End PBXFileReference section */

/* Begin PBXFrameworksBuildPhase section */
		DE58354220FD52B3007158EF /* Frameworks */ = {
			isa = PBXFrameworksBuildPhase;
			buildActionMask = 2147483647;
			files = (
				DE79935421028F1A009C13E8 /* Alamofire.framework in Frameworks */,
				DE79935521028F1A009C13E8 /* EPSignature.framework in Frameworks */,
				DE79935621028F1A009C13E8 /* SwiftyJSON.framework in Frameworks */,
			);
			runOnlyForDeploymentPostprocessing = 0;
		};
/* End PBXFrameworksBuildPhase section */

/* Begin PBXGroup section */
		DE58353C20FD52B3007158EF = {
			isa = PBXGroup;
			children = (
				DE58354720FD52B3007158EF /* Carthage-Test */,
				DE58354620FD52B3007158EF /* Products */,
				DE79935021028F19009C13E8 /* Frameworks */,
			);
			sourceTree = "<group>";
		};
		DE58354620FD52B3007158EF /* Products */ = {
			isa = PBXGroup;
			children = (
				DE58354520FD52B3007158EF /* Carthage-Test.app */,
			);
			name = Products;
			sourceTree = "<group>";
		};
		DE58354720FD52B3007158EF /* Carthage-Test */ = {
			isa = PBXGroup;
			children = (
				DE58354820FD52B3007158EF /* AppDelegate.swift */,
				DE58354A20FD52B3007158EF /* ViewController.swift */,
				DE58354C20FD52B3007158EF /* Main.storyboard */,
				DE58354F20FD52B5007158EF /* Assets.xcassets */,
				DE58355120FD52B5007158EF /* LaunchScreen.storyboard */,
				DE58355420FD52B5007158EF /* Info.plist */,
			);
			path = "Carthage-Test";
			sourceTree = "<group>";
		};
		DE79935021028F19009C13E8 /* Frameworks */ = {
			isa = PBXGroup;
			children = (
				DE79935121028F1A009C13E8 /* Alamofire.framework */,
				DE79935221028F1A009C13E8 /* EPSignature.framework */,
				DE79935321028F1A009C13E8 /* SwiftyJSON.framework */,
			);
			name = Frameworks;
			sourceTree = "<group>";
		};
/* End PBXGroup section */

/* Begin PBXNativeTarget section */
		DE58354420FD52B3007158EF /* Carthage-Test */ = {
			isa = PBXNativeTarget;
			buildConfigurationList = DE58355720FD52B5007158EF /* Build configuration list for PBXNativeTarget "Carthage-Test" */;
			buildPhases = (
				DE58354120FD52B3007158EF /* Sources */,
				DE58354220FD52B3007158EF /* Frameworks */,
				DE58354320FD52B3007158EF /* Resources */,
				DE79935721028F2C009C13E8 /* ShellScript */,
			);
			buildRules = (
			);
			dependencies = (
			);
			name = "Carthage-Test";
			productName = "Carthage-Test";
			productReference = DE58354520FD52B3007158EF /* Carthage-Test.app */;
			productType = "com.apple.product-type.application";
		};
/* End PBXNativeTarget section */

/* Begin PBXProject section */
		DE58353D20FD52B3007158EF /* Project object */ = {
			isa = PBXProject;
			attributes = {
				LastSwiftUpdateCheck = 0940;
				LastUpgradeCheck = 0940;
				ORGANIZATIONNAME = "佐藤亘";
				TargetAttributes = {
					DE58354420FD52B3007158EF = {
						CreatedOnToolsVersion = 9.4.1;
					};
				};
			};
			buildConfigurationList = DE58354020FD52B3007158EF /* Build configuration list for PBXProject "Carthage-Test" */;
			compatibilityVersion = "Xcode 9.3";
			developmentRegion = en;
			hasScannedForEncodings = 0;
			knownRegions = (
				en,
				Base,
			);
			mainGroup = DE58353C20FD52B3007158EF;
			productRefGroup = DE58354620FD52B3007158EF /* Products */;
			projectDirPath = "";
			projectRoot = "";
			targets = (
				DE58354420FD52B3007158EF /* Carthage-Test */,
			);
		};
/* End PBXProject section */

/* Begin PBXResourcesBuildPhase section */
		DE58354320FD52B3007158EF /* Resources */ = {
			isa = PBXResourcesBuildPhase;
			buildActionMask = 2147483647;
			files = (
				DE58355320FD52B5007158EF /* LaunchScreen.storyboard in Resources */,
				DE58355020FD52B5007158EF /* Assets.xcassets in Resources */,
				DE58354E20FD52B3007158EF /* Main.storyboard in Resources */,
			);
			runOnlyForDeploymentPostprocessing = 0;
		};
/* End PBXResourcesBuildPhase section */

/* Begin PBXShellScriptBuildPhase section */
		DE79935721028F2C009C13E8 /* ShellScript */ = {
			isa = PBXShellScriptBuildPhase;
			buildActionMask = 2147483647;
			files = (
			);
			inputPaths = (
				"$(SRCROOT)/Carthage/Build/iOS/Alamofire.framework",
			);
			outputPaths = (
			);
			runOnlyForDeploymentPostprocessing = 0;
			shellPath = /bin/sh;
			shellScript = "/usr/local/bin/carthage copy-frameworks";
		};
/* End PBXShellScriptBuildPhase section */

/* Begin PBXSourcesBuildPhase section */
		DE58354120FD52B3007158EF /* Sources */ = {
			isa = PBXSourcesBuildPhase;
			buildActionMask = 2147483647;
			files = (
				DE58354B20FD52B3007158EF /* ViewController.swift in Sources */,
				DE58354920FD52B3007158EF /* AppDelegate.swift in Sources */,
			);
			runOnlyForDeploymentPostprocessing = 0;
		};
/* End PBXSourcesBuildPhase section */

/* Begin PBXVariantGroup section */
		DE58354C20FD52B3007158EF /* Main.storyboard */ = {
			isa = PBXVariantGroup;
			children = (
				DE58354D20FD52B3007158EF /* Base */,
			);
			name = Main.storyboard;
			sourceTree = "<group>";
		};
		DE58355120FD52B5007158EF /* LaunchScreen.storyboard */ = {
			isa = PBXVariantGroup;
			children = (
				DE58355220FD52B5007158EF /* Base */,
			);
			name = LaunchScreen.storyboard;
			sourceTree = "<group>";
		};
/* End PBXVariantGroup section */

/* Begin XCBuildConfiguration section */
		DE58355520FD52B5007158EF /* Debug */ = {
			isa = XCBuildConfiguration;
			buildSettings = {
				ALWAYS_SEARCH_USER_PATHS = NO;
				CLANG_ANALYZER_NONNULL = YES;
				CLANG_ANALYZER_NUMBER_OBJECT_CONVERSION = YES_AGGRESSIVE;
				CLANG_CXX_LANGUAGE_STANDARD = "gnu++14";
				CLANG_CXX_LIBRARY = "libc++";
				CLANG_ENABLE_MODULES = YES;
				CLANG_ENABLE_OBJC_ARC = YES;
				CLANG_ENABLE_OBJC_WEAK = YES;
				CLANG_WARN_BLOCK_CAPTURE_AUTORELEASING = YES;
				CLANG_WARN_BOOL_CONVERSION = YES;
				CLANG_WARN_COMMA = YES;
				CLANG_WARN_CONSTANT_CONVERSION = YES;
				CLANG_WARN_DEPRECATED_OBJC_IMPLEMENTATIONS = YES;
				CLANG_WARN_DIRECT_OBJC_ISA_USAGE = YES_ERROR;
				CLANG_WARN_DOCUMENTATION_COMMENTS = YES;
				CLANG_WARN_EMPTY_BODY = YES;
				CLANG_WARN_ENUM_CONVERSION = YES;
				CLANG_WARN_INFINITE_RECURSION = YES;
				CLANG_WARN_INT_CONVERSION = YES;
				CLANG_WARN_NON_LITERAL_NULL_CONVERSION = YES;
				CLANG_WARN_OBJC_IMPLICIT_RETAIN_SELF = YES;
				CLANG_WARN_OBJC_LITERAL_CONVERSION = YES;
				CLANG_WARN_OBJC_ROOT_CLASS = YES_ERROR;
				CLANG_WARN_RANGE_LOOP_ANALYSIS = YES;
				CLANG_WARN_STRICT_PROTOTYPES = YES;
				CLANG_WARN_SUSPICIOUS_MOVE = YES;
				CLANG_WARN_UNGUARDED_AVAILABILITY = YES_AGGRESSIVE;
				CLANG_WARN_UNREACHABLE_CODE = YES;
				CLANG_WARN__DUPLICATE_METHOD_MATCH = YES;
				CODE_SIGN_IDENTITY = "iPhone Developer";
				COPY_PHASE_STRIP = NO;
				DEBUG_INFORMATION_FORMAT = dwarf;
				ENABLE_STRICT_OBJC_MSGSEND = YES;
				ENABLE_TESTABILITY = YES;
				GCC_C_LANGUAGE_STANDARD = gnu11;
				GCC_DYNAMIC_NO_PIC = NO;
				GCC_NO_COMMON_BLOCKS = YES;
				GCC_OPTIMIZATION_LEVEL = 0;
				GCC_PREPROCESSOR_DEFINITIONS = (
					"DEBUG=1",
					"$(inherited)",
				);
				GCC_WARN_64_TO_32_BIT_CONVERSION = YES;
				GCC_WARN_ABOUT_RETURN_TYPE = YES_ERROR;
				GCC_WARN_UNDECLARED_SELECTOR = YES;
				GCC_WARN_UNINITIALIZED_AUTOS = YES_AGGRESSIVE;
				GCC_WARN_UNUSED_FUNCTION = YES;
				GCC_WARN_UNUSED_VARIABLE = YES;
				IPHONEOS_DEPLOYMENT_TARGET = 11.4;
				MTL_ENABLE_DEBUG_INFO = YES;
				ONLY_ACTIVE_ARCH = YES;
				SDKROOT = iphoneos;
				SWIFT_ACTIVE_COMPILATION_CONDITIONS = DEBUG;
				SWIFT_OPTIMIZATION_LEVEL = "-Onone";
			};
			name = Debug;
		};
		DE58355620FD52B5007158EF /* Release */ = {
			isa = XCBuildConfiguration;
			buildSettings = {
				ALWAYS_SEARCH_USER_PATHS = NO;
				CLANG_ANALYZER_NONNULL = YES;
				CLANG_ANALYZER_NUMBER_OBJECT_CONVERSION = YES_AGGRESSIVE;
				CLANG_CXX_LANGUAGE_STANDARD = "gnu++14";
				CLANG_CXX_LIBRARY = "libc++";
				CLANG_ENABLE_MODULES = YES;
				CLANG_ENABLE_OBJC_ARC = YES;
				CLANG_ENABLE_OBJC_WEAK = YES;
				CLANG_WARN_BLOCK_CAPTURE_AUTORELEASING = YES;
				CLANG_WARN_BOOL_CONVERSION = YES;
				CLANG_WARN_COMMA = YES;
				CLANG_WARN_CONSTANT_CONVERSION = YES;
				CLANG_WARN_DEPRECATED_OBJC_IMPLEMENTATIONS = YES;
				CLANG_WARN_DIRECT_OBJC_ISA_USAGE = YES_ERROR;
				CLANG_WARN_DOCUMENTATION_COMMENTS = YES;
				CLANG_WARN_EMPTY_BODY = YES;
				CLANG_WARN_ENUM_CONVERSION = YES;
				CLANG_WARN_INFINITE_RECURSION = YES;
				CLANG_WARN_INT_CONVERSION = YES;
				CLANG_WARN_NON_LITERAL_NULL_CONVERSION = YES;
				CLANG_WARN_OBJC_IMPLICIT_RETAIN_SELF = YES;
				CLANG_WARN_OBJC_LITERAL_CONVERSION = YES;
				CLANG_WARN_OBJC_ROOT_CLASS = YES_ERROR;
				CLANG_WARN_RANGE_LOOP_ANALYSIS = YES;
				CLANG_WARN_STRICT_PROTOTYPES = YES;
				CLANG_WARN_SUSPICIOUS_MOVE = YES;
				CLANG_WARN_UNGUARDED_AVAILABILITY = YES_AGGRESSIVE;
				CLANG_WARN_UNREACHABLE_CODE = YES;
				CLANG_WARN__DUPLICATE_METHOD_MATCH = YES;
				CODE_SIGN_IDENTITY = "iPhone Developer";
				COPY_PHASE_STRIP = NO;
				DEBUG_INFORMATION_FORMAT = "dwarf-with-dsym";
				ENABLE_NS_ASSERTIONS = NO;
				ENABLE_STRICT_OBJC_MSGSEND = YES;
				GCC_C_LANGUAGE_STANDARD = gnu11;
				GCC_NO_COMMON_BLOCKS = YES;
				GCC_WARN_64_TO_32_BIT_CONVERSION = YES;
				GCC_WARN_ABOUT_RETURN_TYPE = YES_ERROR;
				GCC_WARN_UNDECLARED_SELECTOR = YES;
				GCC_WARN_UNINITIALIZED_AUTOS = YES_AGGRESSIVE;
				GCC_WARN_UNUSED_FUNCTION = YES;
				GCC_WARN_UNUSED_VARIABLE = YES;
				IPHONEOS_DEPLOYMENT_TARGET = 11.4;
				MTL_ENABLE_DEBUG_INFO = NO;
				SDKROOT = iphoneos;
				SWIFT_COMPILATION_MODE = wholemodule;
				SWIFT_OPTIMIZATION_LEVEL = "-O";
				VALIDATE_PRODUCT = YES;
			};
			name = Release;
		};
		DE58355820FD52B5007158EF /* Debug */ = {
			isa = XCBuildConfiguration;
			buildSettings = {
				ASSETCATALOG_COMPILER_APPICON_NAME = AppIcon;
				CODE_SIGN_STYLE = Automatic;
				FRAMEWORK_SEARCH_PATHS = (
					"$(inherited)",
					"$(PROJECT_DIR)/Carthage/Build/iOS",
				);
				INFOPLIST_FILE = "Carthage-Test/Info.plist";
				LD_RUNPATH_SEARCH_PATHS = (
					"$(inherited)",
					"@executable_path/Frameworks",
				);
				PRODUCT_BUNDLE_IDENTIFIER = "ca.ciccc.c.wataru.Carthage-Test";
				PRODUCT_NAME = "$(TARGET_NAME)";
				SWIFT_VERSION = 4.0;
				TARGETED_DEVICE_FAMILY = "1,2";
			};
			name = Debug;
		};
		DE58355920FD52B5007158EF /* Release */ = {
			isa = XCBuildConfiguration;
			buildSettings = {
				ASSETCATALOG_COMPILER_APPICON_NAME = AppIcon;
				CODE_SIGN_STYLE = Automatic;
				FRAMEWORK_SEARCH_PATHS = (
					"$(inherited)",
					"$(PROJECT_DIR)/Carthage/Build/iOS",
				);
				INFOPLIST_FILE = "Carthage-Test/Info.plist";
				LD_RUNPATH_SEARCH_PATHS = (
					"$(inherited)",
					"@executable_path/Frameworks",
				);
				PRODUCT_BUNDLE_IDENTIFIER = "ca.ciccc.c.wataru.Carthage-Test";
				PRODUCT_NAME = "$(TARGET_NAME)";
				SWIFT_VERSION = 4.0;
				TARGETED_DEVICE_FAMILY = "1,2";
			};
			name = Release;
		};
/* End XCBuildConfiguration section */

/* Begin XCConfigurationList section */
		DE58354020FD52B3007158EF /* Build configuration list for PBXProject "Carthage-Test" */ = {
			isa = XCConfigurationList;
			buildConfigurations = (
				DE58355520FD52B5007158EF /* Debug */,
				DE58355620FD52B5007158EF /* Release */,
			);
			defaultConfigurationIsVisible = 0;
			defaultConfigurationName = Release;
		};
		DE58355720FD52B5007158EF /* Build configuration list for PBXNativeTarget "Carthage-Test" */ = {
			isa = XCConfigurationList;
			buildConfigurations = (
				DE58355820FD52B5007158EF /* Debug */,
				DE58355920FD52B5007158EF /* Release */,
			);
			defaultConfigurationIsVisible = 0;
			defaultConfigurationName = Release;
		};
/* End XCConfigurationList section */
	};
	rootObject = DE58353D20FD52B3007158EF /* Project object */;
}
