// !$*UTF8*$!
{
	archiveVersion = 1;
	classes = {
	};
	objectVersion = 50;
	objects = {

/* Begin PBXBuildFile section */
		C17E316ED348A89CB3D59B9A /* Pods_CocoaPods_Test.framework in Frameworks */ = {isa = PBXBuildFile; fileRef = C0797AA8FB114AF1D138D2ED /* Pods_CocoaPods_Test.framework */; };
		DE58352B20FD4922007158EF /* AppDelegate.swift in Sources */ = {isa = PBXBuildFile; fileRef = DE58352A20FD4922007158EF /* AppDelegate.swift */; };
		DE58352D20FD4922007158EF /* ViewController.swift in Sources */ = {isa = PBXBuildFile; fileRef = DE58352C20FD4922007158EF /* ViewController.swift */; };
		DE58353020FD4922007158EF /* Main.storyboard in Resources */ = {isa = PBXBuildFile; fileRef = DE58352E20FD4922007158EF /* Main.storyboard */; };
		DE58353220FD4926007158EF /* Assets.xcassets in Resources */ = {isa = PBXBuildFile; fileRef = DE58353120FD4926007158EF /* Assets.xcassets */; };
		DE58353520FD4926007158EF /* LaunchScreen.storyboard in Resources */ = {isa = PBXBuildFile; fileRef = DE58353320FD4926007158EF /* LaunchScreen.storyboard */; };
/* End PBXBuildFile section */

/* Begin PBXFileReference section */
		69A9864AF03A48D07104C2B0 /* Pods-CocoaPods-Test.debug.xcconfig */ = {isa = PBXFileReference; includeInIndex = 1; lastKnownFileType = text.xcconfig; name = "Pods-CocoaPods-Test.debug.xcconfig"; path = "Pods/Target Support Files/Pods-CocoaPods-Test/Pods-CocoaPods-Test.debug.xcconfig"; sourceTree = "<group>"; };
		BC50401A7E28EE7148B26BEA /* Pods-CocoaPods-Test.release.xcconfig */ = {isa = PBXFileReference; includeInIndex = 1; lastKnownFileType = text.xcconfig; name = "Pods-CocoaPods-Test.release.xcconfig"; path = "Pods/Target Support Files/Pods-CocoaPods-Test/Pods-CocoaPods-Test.release.xcconfig"; sourceTree = "<group>"; };
		C0797AA8FB114AF1D138D2ED /* Pods_CocoaPods_Test.framework */ = {isa = PBXFileReference; explicitFileType = wrapper.framework; includeInIndex = 0; path = Pods_CocoaPods_Test.framework; sourceTree = BUILT_PRODUCTS_DIR; };
		DE58352720FD4922007158EF /* CocoaPods-Test.app */ = {isa = PBXFileReference; explicitFileType = wrapper.application; includeInIndex = 0; path = "CocoaPods-Test.app"; sourceTree = BUILT_PRODUCTS_DIR; };
		DE58352A20FD4922007158EF /* AppDelegate.swift */ = {isa = PBXFileReference; lastKnownFileType = sourcecode.swift; path = AppDelegate.swift; sourceTree = "<group>"; };
		DE58352C20FD4922007158EF /* ViewController.swift */ = {isa = PBXFileReference; lastKnownFileType = sourcecode.swift; path = ViewController.swift; sourceTree = "<group>"; };
		DE58352F20FD4922007158EF /* Base */ = {isa = PBXFileReference; lastKnownFileType = file.storyboard; name = Base; path = Base.lproj/Main.storyboard; sourceTree = "<group>"; };
		DE58353120FD4926007158EF /* Assets.xcassets */ = {isa = PBXFileReference; lastKnownFileType = folder.assetcatalog; path = Assets.xcassets; sourceTree = "<group>"; };
		DE58353420FD4926007158EF /* Base */ = {isa = PBXFileReference; lastKnownFileType = file.storyboard; name = Base; path = Base.lproj/LaunchScreen.storyboard; sourceTree = "<group>"; };
		DE58353620FD4926007158EF /* Info.plist */ = {isa = PBXFileReference; lastKnownFileType = text.plist.xml; path = Info.plist; sourceTree = "<group>"; };
/* End PBXFileReference section */

/* Begin PBXFrameworksBuildPhase section */
		DE58352420FD4922007158EF /* Frameworks */ = {
			isa = PBXFrameworksBuildPhase;
			buildActionMask = 2147483647;
			files = (
				C17E316ED348A89CB3D59B9A /* Pods_CocoaPods_Test.framework in Frameworks */,
			);
			runOnlyForDeploymentPostprocessing = 0;
		};
/* End PBXFrameworksBuildPhase section */

/* Begin PBXGroup section */
		DE2D1BEA8993DE9F18AE4299 /* Frameworks */ = {
			isa = PBXGroup;
			children = (
				C0797AA8FB114AF1D138D2ED /* Pods_CocoaPods_Test.framework */,
			);
			name = Frameworks;
			sourceTree = "<group>";
		};
		DE58351E20FD4922007158EF = {
			isa = PBXGroup;
			children = (
				DE58352920FD4922007158EF /* CocoaPods-Test */,
				DE58352820FD4922007158EF /* Products */,
				F41A6C812EA3FFA9C08D51B3 /* Pods */,
				DE2D1BEA8993DE9F18AE4299 /* Frameworks */,
			);
			sourceTree = "<group>";
		};
		DE58352820FD4922007158EF /* Products */ = {
			isa = PBXGroup;
			children = (
				DE58352720FD4922007158EF /* CocoaPods-Test.app */,
			);
			name = Products;
			sourceTree = "<group>";
		};
		DE58352920FD4922007158EF /* CocoaPods-Test */ = {
			isa = PBXGroup;
			children = (
				DE58352A20FD4922007158EF /* AppDelegate.swift */,
				DE58352C20FD4922007158EF /* ViewController.swift */,
				DE58352E20FD4922007158EF /* Main.storyboard */,
				DE58353120FD4926007158EF /* Assets.xcassets */,
				DE58353320FD4926007158EF /* LaunchScreen.storyboard */,
				DE58353620FD4926007158EF /* Info.plist */,
			);
			path = "CocoaPods-Test";
			sourceTree = "<group>";
		};
		F41A6C812EA3FFA9C08D51B3 /* Pods */ = {
			isa = PBXGroup;
			children = (
				69A9864AF03A48D07104C2B0 /* Pods-CocoaPods-Test.debug.xcconfig */,
				BC50401A7E28EE7148B26BEA /* Pods-CocoaPods-Test.release.xcconfig */,
			);
			name = Pods;
			sourceTree = "<group>";
		};
/* End PBXGroup section */

/* Begin PBXNativeTarget section */
		DE58352620FD4922007158EF /* CocoaPods-Test */ = {
			isa = PBXNativeTarget;
			buildConfigurationList = DE58353920FD4926007158EF /* Build configuration list for PBXNativeTarget "CocoaPods-Test" */;
			buildPhases = (
				6C464A2F142F91AFF965BCE8 /* [CP] Check Pods Manifest.lock */,
				DE58352320FD4922007158EF /* Sources */,
				DE58352420FD4922007158EF /* Frameworks */,
				DE58352520FD4922007158EF /* Resources */,
				DF945419E3378FF15A1ED3F8 /* [CP] Embed Pods Frameworks */,
			);
			buildRules = (
			);
			dependencies = (
			);
			name = "CocoaPods-Test";
			productName = "CocoaPods-Test";
			productReference = DE58352720FD4922007158EF /* CocoaPods-Test.app */;
			productType = "com.apple.product-type.application";
		};
/* End PBXNativeTarget section */

/* Begin PBXProject section */
		DE58351F20FD4922007158EF /* Project object */ = {
			isa = PBXProject;
			attributes = {
				LastSwiftUpdateCheck = 0940;
				LastUpgradeCheck = 0940;
				ORGANIZATIONNAME = "佐藤亘";
				TargetAttributes = {
					DE58352620FD4922007158EF = {
						CreatedOnToolsVersion = 9.4.1;
					};
				};
			};
			buildConfigurationList = DE58352220FD4922007158EF /* Build configuration list for PBXProject "CocoaPods-Test" */;
			compatibilityVersion = "Xcode 9.3";
			developmentRegion = en;
			hasScannedForEncodings = 0;
			knownRegions = (
				en,
				Base,
			);
			mainGroup = DE58351E20FD4922007158EF;
			productRefGroup = DE58352820FD4922007158EF /* Products */;
			projectDirPath = "";
			projectRoot = "";
			targets = (
				DE58352620FD4922007158EF /* CocoaPods-Test */,
			);
		};
/* End PBXProject section */

/* Begin PBXResourcesBuildPhase section */
		DE58352520FD4922007158EF /* Resources */ = {
			isa = PBXResourcesBuildPhase;
			buildActionMask = 2147483647;
			files = (
				DE58353520FD4926007158EF /* LaunchScreen.storyboard in Resources */,
				DE58353220FD4926007158EF /* Assets.xcassets in Resources */,
				DE58353020FD4922007158EF /* Main.storyboard in Resources */,
			);
			runOnlyForDeploymentPostprocessing = 0;
		};
/* End PBXResourcesBuildPhase section */

/* Begin PBXShellScriptBuildPhase section */
		6C464A2F142F91AFF965BCE8 /* [CP] Check Pods Manifest.lock */ = {
			isa = PBXShellScriptBuildPhase;
			buildActionMask = 2147483647;
			files = (
			);
			inputPaths = (
				"${PODS_PODFILE_DIR_PATH}/Podfile.lock",
				"${PODS_ROOT}/Manifest.lock",
			);
			name = "[CP] Check Pods Manifest.lock";
			outputPaths = (
				"$(DERIVED_FILE_DIR)/Pods-CocoaPods-Test-checkManifestLockResult.txt",
			);
			runOnlyForDeploymentPostprocessing = 0;
			shellPath = /bin/sh;
			shellScript = "diff \"${PODS_PODFILE_DIR_PATH}/Podfile.lock\" \"${PODS_ROOT}/Manifest.lock\" > /dev/null\nif [ $? != 0 ] ; then\n    # print error to STDERR\n    echo \"error: The sandbox is not in sync with the Podfile.lock. Run 'pod install' or update your CocoaPods installation.\" >&2\n    exit 1\nfi\n# This output is used by Xcode 'outputs' to avoid re-running this script phase.\necho \"SUCCESS\" > \"${SCRIPT_OUTPUT_FILE_0}\"\n";
			showEnvVarsInLog = 0;
		};
		DF945419E3378FF15A1ED3F8 /* [CP] Embed Pods Frameworks */ = {
			isa = PBXShellScriptBuildPhase;
			buildActionMask = 2147483647;
			files = (
			);
			inputPaths = (
				"${SRCROOT}/Pods/Target Support Files/Pods-CocoaPods-Test/Pods-CocoaPods-Test-frameworks.sh",
				"${BUILT_PRODUCTS_DIR}/ScrollableGraphView/ScrollableGraphView.framework",
			);
			name = "[CP] Embed Pods Frameworks";
			outputPaths = (
				"${TARGET_BUILD_DIR}/${FRAMEWORKS_FOLDER_PATH}/ScrollableGraphView.framework",
			);
			runOnlyForDeploymentPostprocessing = 0;
			shellPath = /bin/sh;
			shellScript = "\"${SRCROOT}/Pods/Target Support Files/Pods-CocoaPods-Test/Pods-CocoaPods-Test-frameworks.sh\"\n";
			showEnvVarsInLog = 0;
		};
/* End PBXShellScriptBuildPhase section */

/* Begin PBXSourcesBuildPhase section */
		DE58352320FD4922007158EF /* Sources */ = {
			isa = PBXSourcesBuildPhase;
			buildActionMask = 2147483647;
			files = (
				DE58352D20FD4922007158EF /* ViewController.swift in Sources */,
				DE58352B20FD4922007158EF /* AppDelegate.swift in Sources */,
			);
			runOnlyForDeploymentPostprocessing = 0;
		};
/* End PBXSourcesBuildPhase section */

/* Begin PBXVariantGroup section */
		DE58352E20FD4922007158EF /* Main.storyboard */ = {
			isa = PBXVariantGroup;
			children = (
				DE58352F20FD4922007158EF /* Base */,
			);
			name = Main.storyboard;
			sourceTree = "<group>";
		};
		DE58353320FD4926007158EF /* LaunchScreen.storyboard */ = {
			isa = PBXVariantGroup;
			children = (
				DE58353420FD4926007158EF /* Base */,
			);
			name = LaunchScreen.storyboard;
			sourceTree = "<group>";
		};
/* End PBXVariantGroup section */

/* Begin XCBuildConfiguration section */
		DE58353720FD4926007158EF /* Debug */ = {
			isa = XCBuildConfiguration;
			buildSettings = {
				ALWAYS_SEARCH_USER_PATHS = NO;
				CLANG_ANALYZER_NONNULL = YES;
				CLANG_ANALYZER_NUMBER_OBJECT_CONVERSION = YES_AGGRESSIVE;
				CLANG_CXX_LANGUAGE_STANDARD = "gnu++14";
				CLANG_CXX_LIBRARY = "libc++";
				CLANG_ENABLE_MODULES = YES;
				CLANG_ENABLE_OBJC_ARC = YES;
				CLANG_ENABLE_OBJC_WEAK = YES;
				CLANG_WARN_BLOCK_CAPTURE_AUTORELEASING = YES;
				CLANG_WARN_BOOL_CONVERSION = YES;
				CLANG_WARN_COMMA = YES;
				CLANG_WARN_CONSTANT_CONVERSION = YES;
				CLANG_WARN_DEPRECATED_OBJC_IMPLEMENTATIONS = YES;
				CLANG_WARN_DIRECT_OBJC_ISA_USAGE = YES_ERROR;
				CLANG_WARN_DOCUMENTATION_COMMENTS = YES;
				CLANG_WARN_EMPTY_BODY = YES;
				CLANG_WARN_ENUM_CONVERSION = YES;
				CLANG_WARN_INFINITE_RECURSION = YES;
				CLANG_WARN_INT_CONVERSION = YES;
				CLANG_WARN_NON_LITERAL_NULL_CONVERSION = YES;
				CLANG_WARN_OBJC_IMPLICIT_RETAIN_SELF = YES;
				CLANG_WARN_OBJC_LITERAL_CONVERSION = YES;
				CLANG_WARN_OBJC_ROOT_CLASS = YES_ERROR;
				CLANG_WARN_RANGE_LOOP_ANALYSIS = YES;
				CLANG_WARN_STRICT_PROTOTYPES = YES;
				CLANG_WARN_SUSPICIOUS_MOVE = YES;
				CLANG_WARN_UNGUARDED_AVAILABILITY = YES_AGGRESSIVE;
				CLANG_WARN_UNREACHABLE_CODE = YES;
				CLANG_WARN__DUPLICATE_METHOD_MATCH = YES;
				CODE_SIGN_IDENTITY = "iPhone Developer";
				COPY_PHASE_STRIP = NO;
				DEBUG_INFORMATION_FORMAT = dwarf;
				ENABLE_STRICT_OBJC_MSGSEND = YES;
				ENABLE_TESTABILITY = YES;
				GCC_C_LANGUAGE_STANDARD = gnu11;
				GCC_DYNAMIC_NO_PIC = NO;
				GCC_NO_COMMON_BLOCKS = YES;
				GCC_OPTIMIZATION_LEVEL = 0;
				GCC_PREPROCESSOR_DEFINITIONS = (
					"DEBUG=1",
					"$(inherited)",
				);
				GCC_WARN_64_TO_32_BIT_CONVERSION = YES;
				GCC_WARN_ABOUT_RETURN_TYPE = YES_ERROR;
				GCC_WARN_UNDECLARED_SELECTOR = YES;
				GCC_WARN_UNINITIALIZED_AUTOS = YES_AGGRESSIVE;
				GCC_WARN_UNUSED_FUNCTION = YES;
				GCC_WARN_UNUSED_VARIABLE = YES;
				IPHONEOS_DEPLOYMENT_TARGET = 11.4;
				MTL_ENABLE_DEBUG_INFO = YES;
				ONLY_ACTIVE_ARCH = YES;
				SDKROOT = iphoneos;
				SWIFT_ACTIVE_COMPILATION_CONDITIONS = DEBUG;
				SWIFT_OPTIMIZATION_LEVEL = "-Onone";
			};
			name = Debug;
		};
		DE58353820FD4926007158EF /* Release */ = {
			isa = XCBuildConfiguration;
			buildSettings = {
				ALWAYS_SEARCH_USER_PATHS = NO;
				CLANG_ANALYZER_NONNULL = YES;
				CLANG_ANALYZER_NUMBER_OBJECT_CONVERSION = YES_AGGRESSIVE;
				CLANG_CXX_LANGUAGE_STANDARD = "gnu++14";
				CLANG_CXX_LIBRARY = "libc++";
				CLANG_ENABLE_MODULES = YES;
				CLANG_ENABLE_OBJC_ARC = YES;
				CLANG_ENABLE_OBJC_WEAK = YES;
				CLANG_WARN_BLOCK_CAPTURE_AUTORELEASING = YES;
				CLANG_WARN_BOOL_CONVERSION = YES;
				CLANG_WARN_COMMA = YES;
				CLANG_WARN_CONSTANT_CONVERSION = YES;
				CLANG_WARN_DEPRECATED_OBJC_IMPLEMENTATIONS = YES;
				CLANG_WARN_DIRECT_OBJC_ISA_USAGE = YES_ERROR;
				CLANG_WARN_DOCUMENTATION_COMMENTS = YES;
				CLANG_WARN_EMPTY_BODY = YES;
				CLANG_WARN_ENUM_CONVERSION = YES;
				CLANG_WARN_INFINITE_RECURSION = YES;
				CLANG_WARN_INT_CONVERSION = YES;
				CLANG_WARN_NON_LITERAL_NULL_CONVERSION = YES;
				CLANG_WARN_OBJC_IMPLICIT_RETAIN_SELF = YES;
				CLANG_WARN_OBJC_LITERAL_CONVERSION = YES;
				CLANG_WARN_OBJC_ROOT_CLASS = YES_ERROR;
				CLANG_WARN_RANGE_LOOP_ANALYSIS = YES;
				CLANG_WARN_STRICT_PROTOTYPES = YES;
				CLANG_WARN_SUSPICIOUS_MOVE = YES;
				CLANG_WARN_UNGUARDED_AVAILABILITY = YES_AGGRESSIVE;
				CLANG_WARN_UNREACHABLE_CODE = YES;
				CLANG_WARN__DUPLICATE_METHOD_MATCH = YES;
				CODE_SIGN_IDENTITY = "iPhone Developer";
				COPY_PHASE_STRIP = NO;
				DEBUG_INFORMATION_FORMAT = "dwarf-with-dsym";
				ENABLE_NS_ASSERTIONS = NO;
				ENABLE_STRICT_OBJC_MSGSEND = YES;
				GCC_C_LANGUAGE_STANDARD = gnu11;
				GCC_NO_COMMON_BLOCKS = YES;
				GCC_WARN_64_TO_32_BIT_CONVERSION = YES;
				GCC_WARN_ABOUT_RETURN_TYPE = YES_ERROR;
				GCC_WARN_UNDECLARED_SELECTOR = YES;
				GCC_WARN_UNINITIALIZED_AUTOS = YES_AGGRESSIVE;
				GCC_WARN_UNUSED_FUNCTION = YES;
				GCC_WARN_UNUSED_VARIABLE = YES;
				IPHONEOS_DEPLOYMENT_TARGET = 11.4;
				MTL_ENABLE_DEBUG_INFO = NO;
				SDKROOT = iphoneos;
				SWIFT_COMPILATION_MODE = wholemodule;
				SWIFT_OPTIMIZATION_LEVEL = "-O";
				VALIDATE_PRODUCT = YES;
			};
			name = Release;
		};
		DE58353A20FD4926007158EF /* Debug */ = {
			isa = XCBuildConfiguration;
			baseConfigurationReference = 69A9864AF03A48D07104C2B0 /* Pods-CocoaPods-Test.debug.xcconfig */;
			buildSettings = {
				ASSETCATALOG_COMPILER_APPICON_NAME = AppIcon;
				CODE_SIGN_STYLE = Automatic;
				INFOPLIST_FILE = "CocoaPods-Test/Info.plist";
				LD_RUNPATH_SEARCH_PATHS = (
					"$(inherited)",
					"@executable_path/Frameworks",
				);
				PRODUCT_BUNDLE_IDENTIFIER = "ca.ciccc.c.wataru.CocoaPods-Test";
				PRODUCT_NAME = "$(TARGET_NAME)";
				SWIFT_VERSION = 4.0;
				TARGETED_DEVICE_FAMILY = "1,2";
			};
			name = Debug;
		};
		DE58353B20FD4926007158EF /* Release */ = {
			isa = XCBuildConfiguration;
			baseConfigurationReference = BC50401A7E28EE7148B26BEA /* Pods-CocoaPods-Test.release.xcconfig */;
			buildSettings = {
				ASSETCATALOG_COMPILER_APPICON_NAME = AppIcon;
				CODE_SIGN_STYLE = Automatic;
				INFOPLIST_FILE = "CocoaPods-Test/Info.plist";
				LD_RUNPATH_SEARCH_PATHS = (
					"$(inherited)",
					"@executable_path/Frameworks",
				);
				PRODUCT_BUNDLE_IDENTIFIER = "ca.ciccc.c.wataru.CocoaPods-Test";
				PRODUCT_NAME = "$(TARGET_NAME)";
				SWIFT_VERSION = 4.0;
				TARGETED_DEVICE_FAMILY = "1,2";
			};
			name = Release;
		};
/* End XCBuildConfiguration section */

/* Begin XCConfigurationList section */
		DE58352220FD4922007158EF /* Build configuration list for PBXProject "CocoaPods-Test" */ = {
			isa = XCConfigurationList;
			buildConfigurations = (
				DE58353720FD4926007158EF /* Debug */,
				DE58353820FD4926007158EF /* Release */,
			);
			defaultConfigurationIsVisible = 0;
			defaultConfigurationName = Release;
		};
		DE58353920FD4926007158EF /* Build configuration list for PBXNativeTarget "CocoaPods-Test" */ = {
			isa = XCConfigurationList;
			buildConfigurations = (
				DE58353A20FD4926007158EF /* Debug */,
				DE58353B20FD4926007158EF /* Release */,
			);
			defaultConfigurationIsVisible = 0;
			defaultConfigurationName = Release;
		};
/* End XCConfigurationList section */
	};
	rootObject = DE58351F20FD4922007158EF /* Project object */;
}
