// !$*UTF8*$!
{
	archiveVersion = 1;
	classes = {
	};
	objectVersion = 50;
	objects = {

/* Begin PBXBuildFile section */
		DE3B043020C09779001BF486 /* ConcentrationThemeChooseController.swift in Sources */ = {isa = PBXBuildFile; fileRef = DE3B042F20C09779001BF486 /* ConcentrationThemeChooseController.swift */; };
		DE76D2FE20B4BC140001E30D /* AppDelegate.swift in Sources */ = {isa = PBXBuildFile; fileRef = DE76D2FD20B4BC140001E30D /* AppDelegate.swift */; };
		DE76D30020B4BC140001E30D /* ConcentrationViewController.swift in Sources */ = {isa = PBXBuildFile; fileRef = DE76D2FF20B4BC140001E30D /* ConcentrationViewController.swift */; };
		DE76D30320B4BC140001E30D /* Main.storyboard in Resources */ = {isa = PBXBuildFile; fileRef = DE76D30120B4BC140001E30D /* Main.storyboard */; };
		DE76D30520B4BC160001E30D /* Assets.xcassets in Resources */ = {isa = PBXBuildFile; fileRef = DE76D30420B4BC160001E30D /* Assets.xcassets */; };
		DE76D30820B4BC160001E30D /* LaunchScreen.storyboard in Resources */ = {isa = PBXBuildFile; fileRef = DE76D30620B4BC160001E30D /* LaunchScreen.storyboard */; };
		DE76D31320B4BC160001E30D /* DemoTests.swift in Sources */ = {isa = PBXBuildFile; fileRef = DE76D31220B4BC160001E30D /* DemoTests.swift */; };
		DE76D31E20B4BC160001E30D /* DemoUITests.swift in Sources */ = {isa = PBXBuildFile; fileRef = DE76D31D20B4BC160001E30D /* DemoUITests.swift */; };
		DE76D32E20B607F10001E30D /* Concentration.swift in Sources */ = {isa = PBXBuildFile; fileRef = DE76D32D20B607F10001E30D /* Concentration.swift */; };
		DE76D33020B608810001E30D /* Card.swift in Sources */ = {isa = PBXBuildFile; fileRef = DE76D32F20B608810001E30D /* Card.swift */; };
/* End PBXBuildFile section */

/* Begin PBXContainerItemProxy section */
		DE76D30F20B4BC160001E30D /* PBXContainerItemProxy */ = {
			isa = PBXContainerItemProxy;
			containerPortal = DE76D2F220B4BC130001E30D /* Project object */;
			proxyType = 1;
			remoteGlobalIDString = DE76D2F920B4BC130001E30D;
			remoteInfo = Demo;
		};
		DE76D31A20B4BC160001E30D /* PBXContainerItemProxy */ = {
			isa = PBXContainerItemProxy;
			containerPortal = DE76D2F220B4BC130001E30D /* Project object */;
			proxyType = 1;
			remoteGlobalIDString = DE76D2F920B4BC130001E30D;
			remoteInfo = Demo;
		};
/* End PBXContainerItemProxy section */

/* Begin PBXFileReference section */
		DE3B042F20C09779001BF486 /* ConcentrationThemeChooseController.swift */ = {isa = PBXFileReference; lastKnownFileType = sourcecode.swift; path = ConcentrationThemeChooseController.swift; sourceTree = "<group>"; };
		DE76D2FA20B4BC130001E30D /* Demo.app */ = {isa = PBXFileReference; explicitFileType = wrapper.application; includeInIndex = 0; path = Demo.app; sourceTree = BUILT_PRODUCTS_DIR; };
		DE76D2FD20B4BC140001E30D /* AppDelegate.swift */ = {isa = PBXFileReference; lastKnownFileType = sourcecode.swift; path = AppDelegate.swift; sourceTree = "<group>"; };
		DE76D2FF20B4BC140001E30D /* ConcentrationViewController.swift */ = {isa = PBXFileReference; lastKnownFileType = sourcecode.swift; path = ConcentrationViewController.swift; sourceTree = "<group>"; };
		DE76D30220B4BC140001E30D /* Base */ = {isa = PBXFileReference; lastKnownFileType = file.storyboard; name = Base; path = Base.lproj/Main.storyboard; sourceTree = "<group>"; };
		DE76D30420B4BC160001E30D /* Assets.xcassets */ = {isa = PBXFileReference; lastKnownFileType = folder.assetcatalog; path = Assets.xcassets; sourceTree = "<group>"; };
		DE76D30720B4BC160001E30D /* Base */ = {isa = PBXFileReference; lastKnownFileType = file.storyboard; name = Base; path = Base.lproj/LaunchScreen.storyboard; sourceTree = "<group>"; };
		DE76D30920B4BC160001E30D /* Info.plist */ = {isa = PBXFileReference; lastKnownFileType = text.plist.xml; path = Info.plist; sourceTree = "<group>"; };
		DE76D30E20B4BC160001E30D /* DemoTests.xctest */ = {isa = PBXFileReference; explicitFileType = wrapper.cfbundle; includeInIndex = 0; path = DemoTests.xctest; sourceTree = BUILT_PRODUCTS_DIR; };
		DE76D31220B4BC160001E30D /* DemoTests.swift */ = {isa = PBXFileReference; lastKnownFileType = sourcecode.swift; path = DemoTests.swift; sourceTree = "<group>"; };
		DE76D31420B4BC160001E30D /* Info.plist */ = {isa = PBXFileReference; lastKnownFileType = text.plist.xml; path = Info.plist; sourceTree = "<group>"; };
		DE76D31920B4BC160001E30D /* DemoUITests.xctest */ = {isa = PBXFileReference; explicitFileType = wrapper.cfbundle; includeInIndex = 0; path = DemoUITests.xctest; sourceTree = BUILT_PRODUCTS_DIR; };
		DE76D31D20B4BC160001E30D /* DemoUITests.swift */ = {isa = PBXFileReference; lastKnownFileType = sourcecode.swift; path = DemoUITests.swift; sourceTree = "<group>"; };
		DE76D31F20B4BC160001E30D /* Info.plist */ = {isa = PBXFileReference; lastKnownFileType = text.plist.xml; path = Info.plist; sourceTree = "<group>"; };
		DE76D32D20B607F10001E30D /* Concentration.swift */ = {isa = PBXFileReference; lastKnownFileType = sourcecode.swift; path = Concentration.swift; sourceTree = "<group>"; };
		DE76D32F20B608810001E30D /* Card.swift */ = {isa = PBXFileReference; lastKnownFileType = sourcecode.swift; path = Card.swift; sourceTree = "<group>"; };
/* End PBXFileReference section */

/* Begin PBXFrameworksBuildPhase section */
		DE76D2F720B4BC130001E30D /* Frameworks */ = {
			isa = PBXFrameworksBuildPhase;
			buildActionMask = 2147483647;
			files = (
			);
			runOnlyForDeploymentPostprocessing = 0;
		};
		DE76D30B20B4BC160001E30D /* Frameworks */ = {
			isa = PBXFrameworksBuildPhase;
			buildActionMask = 2147483647;
			files = (
			);
			runOnlyForDeploymentPostprocessing = 0;
		};
		DE76D31620B4BC160001E30D /* Frameworks */ = {
			isa = PBXFrameworksBuildPhase;
			buildActionMask = 2147483647;
			files = (
			);
			runOnlyForDeploymentPostprocessing = 0;
		};
/* End PBXFrameworksBuildPhase section */

/* Begin PBXGroup section */
		DE76D2F120B4BC130001E30D = {
			isa = PBXGroup;
			children = (
				DE76D2FC20B4BC130001E30D /* Demo */,
				DE76D31120B4BC160001E30D /* DemoTests */,
				DE76D31C20B4BC160001E30D /* DemoUITests */,
				DE76D2FB20B4BC130001E30D /* Products */,
			);
			sourceTree = "<group>";
		};
		DE76D2FB20B4BC130001E30D /* Products */ = {
			isa = PBXGroup;
			children = (
				DE76D2FA20B4BC130001E30D /* Demo.app */,
				DE76D30E20B4BC160001E30D /* DemoTests.xctest */,
				DE76D31920B4BC160001E30D /* DemoUITests.xctest */,
			);
			name = Products;
			sourceTree = "<group>";
		};
		DE76D2FC20B4BC130001E30D /* Demo */ = {
			isa = PBXGroup;
			children = (
				DE76D32D20B607F10001E30D /* Concentration.swift */,
				DE76D32F20B608810001E30D /* Card.swift */,
				DE76D2FD20B4BC140001E30D /* AppDelegate.swift */,
				DE76D2FF20B4BC140001E30D /* ConcentrationViewController.swift */,
				DE76D30120B4BC140001E30D /* Main.storyboard */,
				DE3B042F20C09779001BF486 /* ConcentrationThemeChooseController.swift */,
				DE76D30420B4BC160001E30D /* Assets.xcassets */,
				DE76D30620B4BC160001E30D /* LaunchScreen.storyboard */,
				DE76D30920B4BC160001E30D /* Info.plist */,
			);
			path = Demo;
			sourceTree = "<group>";
		};
		DE76D31120B4BC160001E30D /* DemoTests */ = {
			isa = PBXGroup;
			children = (
				DE76D31220B4BC160001E30D /* DemoTests.swift */,
				DE76D31420B4BC160001E30D /* Info.plist */,
			);
			path = DemoTests;
			sourceTree = "<group>";
		};
		DE76D31C20B4BC160001E30D /* DemoUITests */ = {
			isa = PBXGroup;
			children = (
				DE76D31D20B4BC160001E30D /* DemoUITests.swift */,
				DE76D31F20B4BC160001E30D /* Info.plist */,
			);
			path = DemoUITests;
			sourceTree = "<group>";
		};
/* End PBXGroup section */

/* Begin PBXNativeTarget section */
		DE76D2F920B4BC130001E30D /* Demo */ = {
			isa = PBXNativeTarget;
			buildConfigurationList = DE76D32220B4BC160001E30D /* Build configuration list for PBXNativeTarget "Demo" */;
			buildPhases = (
				DE76D2F620B4BC130001E30D /* Sources */,
				DE76D2F720B4BC130001E30D /* Frameworks */,
				DE76D2F820B4BC130001E30D /* Resources */,
			);
			buildRules = (
			);
			dependencies = (
			);
			name = Demo;
			productName = Demo;
			productReference = DE76D2FA20B4BC130001E30D /* Demo.app */;
			productType = "com.apple.product-type.application";
		};
		DE76D30D20B4BC160001E30D /* DemoTests */ = {
			isa = PBXNativeTarget;
			buildConfigurationList = DE76D32520B4BC160001E30D /* Build configuration list for PBXNativeTarget "DemoTests" */;
			buildPhases = (
				DE76D30A20B4BC160001E30D /* Sources */,
				DE76D30B20B4BC160001E30D /* Frameworks */,
				DE76D30C20B4BC160001E30D /* Resources */,
			);
			buildRules = (
			);
			dependencies = (
				DE76D31020B4BC160001E30D /* PBXTargetDependency */,
			);
			name = DemoTests;
			productName = DemoTests;
			productReference = DE76D30E20B4BC160001E30D /* DemoTests.xctest */;
			productType = "com.apple.product-type.bundle.unit-test";
		};
		DE76D31820B4BC160001E30D /* DemoUITests */ = {
			isa = PBXNativeTarget;
			buildConfigurationList = DE76D32820B4BC160001E30D /* Build configuration list for PBXNativeTarget "DemoUITests" */;
			buildPhases = (
				DE76D31520B4BC160001E30D /* Sources */,
				DE76D31620B4BC160001E30D /* Frameworks */,
				DE76D31720B4BC160001E30D /* Resources */,
			);
			buildRules = (
			);
			dependencies = (
				DE76D31B20B4BC160001E30D /* PBXTargetDependency */,
			);
			name = DemoUITests;
			productName = DemoUITests;
			productReference = DE76D31920B4BC160001E30D /* DemoUITests.xctest */;
			productType = "com.apple.product-type.bundle.ui-testing";
		};
/* End PBXNativeTarget section */

/* Begin PBXProject section */
		DE76D2F220B4BC130001E30D /* Project object */ = {
			isa = PBXProject;
			attributes = {
				LastSwiftUpdateCheck = 0930;
				LastUpgradeCheck = 0930;
				ORGANIZATIONNAME = "佐藤亘";
				TargetAttributes = {
					DE76D2F920B4BC130001E30D = {
						CreatedOnToolsVersion = 9.3.1;
					};
					DE76D30D20B4BC160001E30D = {
						CreatedOnToolsVersion = 9.3.1;
						TestTargetID = DE76D2F920B4BC130001E30D;
					};
					DE76D31820B4BC160001E30D = {
						CreatedOnToolsVersion = 9.3.1;
						TestTargetID = DE76D2F920B4BC130001E30D;
					};
				};
			};
			buildConfigurationList = DE76D2F520B4BC130001E30D /* Build configuration list for PBXProject "Demo" */;
			compatibilityVersion = "Xcode 9.3";
			developmentRegion = en;
			hasScannedForEncodings = 0;
			knownRegions = (
				en,
				Base,
			);
			mainGroup = DE76D2F120B4BC130001E30D;
			productRefGroup = DE76D2FB20B4BC130001E30D /* Products */;
			projectDirPath = "";
			projectRoot = "";
			targets = (
				DE76D2F920B4BC130001E30D /* Demo */,
				DE76D30D20B4BC160001E30D /* DemoTests */,
				DE76D31820B4BC160001E30D /* DemoUITests */,
			);
		};
/* End PBXProject section */

/* Begin PBXResourcesBuildPhase section */
		DE76D2F820B4BC130001E30D /* Resources */ = {
			isa = PBXResourcesBuildPhase;
			buildActionMask = 2147483647;
			files = (
				DE76D30820B4BC160001E30D /* LaunchScreen.storyboard in Resources */,
				DE76D30520B4BC160001E30D /* Assets.xcassets in Resources */,
				DE76D30320B4BC140001E30D /* Main.storyboard in Resources */,
			);
			runOnlyForDeploymentPostprocessing = 0;
		};
		DE76D30C20B4BC160001E30D /* Resources */ = {
			isa = PBXResourcesBuildPhase;
			buildActionMask = 2147483647;
			files = (
			);
			runOnlyForDeploymentPostprocessing = 0;
		};
		DE76D31720B4BC160001E30D /* Resources */ = {
			isa = PBXResourcesBuildPhase;
			buildActionMask = 2147483647;
			files = (
			);
			runOnlyForDeploymentPostprocessing = 0;
		};
/* End PBXResourcesBuildPhase section */

/* Begin PBXSourcesBuildPhase section */
		DE76D2F620B4BC130001E30D /* Sources */ = {
			isa = PBXSourcesBuildPhase;
			buildActionMask = 2147483647;
			files = (
				DE76D30020B4BC140001E30D /* ConcentrationViewController.swift in Sources */,
				DE76D2FE20B4BC140001E30D /* AppDelegate.swift in Sources */,
				DE76D32E20B607F10001E30D /* Concentration.swift in Sources */,
				DE3B043020C09779001BF486 /* ConcentrationThemeChooseController.swift in Sources */,
				DE76D33020B608810001E30D /* Card.swift in Sources */,
			);
			runOnlyForDeploymentPostprocessing = 0;
		};
		DE76D30A20B4BC160001E30D /* Sources */ = {
			isa = PBXSourcesBuildPhase;
			buildActionMask = 2147483647;
			files = (
				DE76D31320B4BC160001E30D /* DemoTests.swift in Sources */,
			);
			runOnlyForDeploymentPostprocessing = 0;
		};
		DE76D31520B4BC160001E30D /* Sources */ = {
			isa = PBXSourcesBuildPhase;
			buildActionMask = 2147483647;
			files = (
				DE76D31E20B4BC160001E30D /* DemoUITests.swift in Sources */,
			);
			runOnlyForDeploymentPostprocessing = 0;
		};
/* End PBXSourcesBuildPhase section */

/* Begin PBXTargetDependency section */
		DE76D31020B4BC160001E30D /* PBXTargetDependency */ = {
			isa = PBXTargetDependency;
			target = DE76D2F920B4BC130001E30D /* Demo */;
			targetProxy = DE76D30F20B4BC160001E30D /* PBXContainerItemProxy */;
		};
		DE76D31B20B4BC160001E30D /* PBXTargetDependency */ = {
			isa = PBXTargetDependency;
			target = DE76D2F920B4BC130001E30D /* Demo */;
			targetProxy = DE76D31A20B4BC160001E30D /* PBXContainerItemProxy */;
		};
/* End PBXTargetDependency section */

/* Begin PBXVariantGroup section */
		DE76D30120B4BC140001E30D /* Main.storyboard */ = {
			isa = PBXVariantGroup;
			children = (
				DE76D30220B4BC140001E30D /* Base */,
			);
			name = Main.storyboard;
			sourceTree = "<group>";
		};
		DE76D30620B4BC160001E30D /* LaunchScreen.storyboard */ = {
			isa = PBXVariantGroup;
			children = (
				DE76D30720B4BC160001E30D /* Base */,
			);
			name = LaunchScreen.storyboard;
			sourceTree = "<group>";
		};
/* End PBXVariantGroup section */

/* Begin XCBuildConfiguration section */
		DE76D32020B4BC160001E30D /* Debug */ = {
			isa = XCBuildConfiguration;
			buildSettings = {
				ALWAYS_SEARCH_USER_PATHS = NO;
				CLANG_ANALYZER_NONNULL = YES;
				CLANG_ANALYZER_NUMBER_OBJECT_CONVERSION = YES_AGGRESSIVE;
				CLANG_CXX_LANGUAGE_STANDARD = "gnu++14";
				CLANG_CXX_LIBRARY = "libc++";
				CLANG_ENABLE_MODULES = YES;
				CLANG_ENABLE_OBJC_ARC = YES;
				CLANG_ENABLE_OBJC_WEAK = YES;
				CLANG_WARN_BLOCK_CAPTURE_AUTORELEASING = YES;
				CLANG_WARN_BOOL_CONVERSION = YES;
				CLANG_WARN_COMMA = YES;
				CLANG_WARN_CONSTANT_CONVERSION = YES;
				CLANG_WARN_DEPRECATED_OBJC_IMPLEMENTATIONS = YES;
				CLANG_WARN_DIRECT_OBJC_ISA_USAGE = YES_ERROR;
				CLANG_WARN_DOCUMENTATION_COMMENTS = YES;
				CLANG_WARN_EMPTY_BODY = YES;
				CLANG_WARN_ENUM_CONVERSION = YES;
				CLANG_WARN_INFINITE_RECURSION = YES;
				CLANG_WARN_INT_CONVERSION = YES;
				CLANG_WARN_NON_LITERAL_NULL_CONVERSION = YES;
				CLANG_WARN_OBJC_IMPLICIT_RETAIN_SELF = YES;
				CLANG_WARN_OBJC_LITERAL_CONVERSION = YES;
				CLANG_WARN_OBJC_ROOT_CLASS = YES_ERROR;
				CLANG_WARN_RANGE_LOOP_ANALYSIS = YES;
				CLANG_WARN_STRICT_PROTOTYPES = YES;
				CLANG_WARN_SUSPICIOUS_MOVE = YES;
				CLANG_WARN_UNGUARDED_AVAILABILITY = YES_AGGRESSIVE;
				CLANG_WARN_UNREACHABLE_CODE = YES;
				CLANG_WARN__DUPLICATE_METHOD_MATCH = YES;
				CODE_SIGN_IDENTITY = "iPhone Developer";
				COPY_PHASE_STRIP = NO;
				DEBUG_INFORMATION_FORMAT = dwarf;
				ENABLE_STRICT_OBJC_MSGSEND = YES;
				ENABLE_TESTABILITY = YES;
				GCC_C_LANGUAGE_STANDARD = gnu11;
				GCC_DYNAMIC_NO_PIC = NO;
				GCC_NO_COMMON_BLOCKS = YES;
				GCC_OPTIMIZATION_LEVEL = 0;
				GCC_PREPROCESSOR_DEFINITIONS = (
					"DEBUG=1",
					"$(inherited)",
				);
				GCC_WARN_64_TO_32_BIT_CONVERSION = YES;
				GCC_WARN_ABOUT_RETURN_TYPE = YES_ERROR;
				GCC_WARN_UNDECLARED_SELECTOR = YES;
				GCC_WARN_UNINITIALIZED_AUTOS = YES_AGGRESSIVE;
				GCC_WARN_UNUSED_FUNCTION = YES;
				GCC_WARN_UNUSED_VARIABLE = YES;
				IPHONEOS_DEPLOYMENT_TARGET = 11.3;
				MTL_ENABLE_DEBUG_INFO = YES;
				ONLY_ACTIVE_ARCH = YES;
				SDKROOT = iphoneos;
				SWIFT_ACTIVE_COMPILATION_CONDITIONS = DEBUG;
				SWIFT_OPTIMIZATION_LEVEL = "-Onone";
			};
			name = Debug;
		};
		DE76D32120B4BC160001E30D /* Release */ = {
			isa = XCBuildConfiguration;
			buildSettings = {
				ALWAYS_SEARCH_USER_PATHS = NO;
				CLANG_ANALYZER_NONNULL = YES;
				CLANG_ANALYZER_NUMBER_OBJECT_CONVERSION = YES_AGGRESSIVE;
				CLANG_CXX_LANGUAGE_STANDARD = "gnu++14";
				CLANG_CXX_LIBRARY = "libc++";
				CLANG_ENABLE_MODULES = YES;
				CLANG_ENABLE_OBJC_ARC = YES;
				CLANG_ENABLE_OBJC_WEAK = YES;
				CLANG_WARN_BLOCK_CAPTURE_AUTORELEASING = YES;
				CLANG_WARN_BOOL_CONVERSION = YES;
				CLANG_WARN_COMMA = YES;
				CLANG_WARN_CONSTANT_CONVERSION = YES;
				CLANG_WARN_DEPRECATED_OBJC_IMPLEMENTATIONS = YES;
				CLANG_WARN_DIRECT_OBJC_ISA_USAGE = YES_ERROR;
				CLANG_WARN_DOCUMENTATION_COMMENTS = YES;
				CLANG_WARN_EMPTY_BODY = YES;
				CLANG_WARN_ENUM_CONVERSION = YES;
				CLANG_WARN_INFINITE_RECURSION = YES;
				CLANG_WARN_INT_CONVERSION = YES;
				CLANG_WARN_NON_LITERAL_NULL_CONVERSION = YES;
				CLANG_WARN_OBJC_IMPLICIT_RETAIN_SELF = YES;
				CLANG_WARN_OBJC_LITERAL_CONVERSION = YES;
				CLANG_WARN_OBJC_ROOT_CLASS = YES_ERROR;
				CLANG_WARN_RANGE_LOOP_ANALYSIS = YES;
				CLANG_WARN_STRICT_PROTOTYPES = YES;
				CLANG_WARN_SUSPICIOUS_MOVE = YES;
				CLANG_WARN_UNGUARDED_AVAILABILITY = YES_AGGRESSIVE;
				CLANG_WARN_UNREACHABLE_CODE = YES;
				CLANG_WARN__DUPLICATE_METHOD_MATCH = YES;
				CODE_SIGN_IDENTITY = "iPhone Developer";
				COPY_PHASE_STRIP = NO;
				DEBUG_INFORMATION_FORMAT = "dwarf-with-dsym";
				ENABLE_NS_ASSERTIONS = NO;
				ENABLE_STRICT_OBJC_MSGSEND = YES;
				GCC_C_LANGUAGE_STANDARD = gnu11;
				GCC_NO_COMMON_BLOCKS = YES;
				GCC_WARN_64_TO_32_BIT_CONVERSION = YES;
				GCC_WARN_ABOUT_RETURN_TYPE = YES_ERROR;
				GCC_WARN_UNDECLARED_SELECTOR = YES;
				GCC_WARN_UNINITIALIZED_AUTOS = YES_AGGRESSIVE;
				GCC_WARN_UNUSED_FUNCTION = YES;
				GCC_WARN_UNUSED_VARIABLE = YES;
				IPHONEOS_DEPLOYMENT_TARGET = 11.3;
				MTL_ENABLE_DEBUG_INFO = NO;
				SDKROOT = iphoneos;
				SWIFT_COMPILATION_MODE = wholemodule;
				SWIFT_OPTIMIZATION_LEVEL = "-O";
				VALIDATE_PRODUCT = YES;
			};
			name = Release;
		};
		DE76D32320B4BC160001E30D /* Debug */ = {
			isa = XCBuildConfiguration;
			buildSettings = {
				ASSETCATALOG_COMPILER_APPICON_NAME = AppIcon;
				CODE_SIGN_STYLE = Automatic;
				INFOPLIST_FILE = Demo/Info.plist;
				LD_RUNPATH_SEARCH_PATHS = (
					"$(inherited)",
					"@executable_path/Frameworks",
				);
				PRODUCT_BUNDLE_IDENTIFIER = ca.ciccc.c.wataru.Demo;
				PRODUCT_NAME = "$(TARGET_NAME)";
				SWIFT_VERSION = 4.0;
				TARGETED_DEVICE_FAMILY = "1,2";
			};
			name = Debug;
		};
		DE76D32420B4BC160001E30D /* Release */ = {
			isa = XCBuildConfiguration;
			buildSettings = {
				ASSETCATALOG_COMPILER_APPICON_NAME = AppIcon;
				CODE_SIGN_STYLE = Automatic;
				INFOPLIST_FILE = Demo/Info.plist;
				LD_RUNPATH_SEARCH_PATHS = (
					"$(inherited)",
					"@executable_path/Frameworks",
				);
				PRODUCT_BUNDLE_IDENTIFIER = ca.ciccc.c.wataru.Demo;
				PRODUCT_NAME = "$(TARGET_NAME)";
				SWIFT_VERSION = 4.0;
				TARGETED_DEVICE_FAMILY = "1,2";
			};
			name = Release;
		};
		DE76D32620B4BC160001E30D /* Debug */ = {
			isa = XCBuildConfiguration;
			buildSettings = {
				ALWAYS_EMBED_SWIFT_STANDARD_LIBRARIES = YES;
				BUNDLE_LOADER = "$(TEST_HOST)";
				CODE_SIGN_STYLE = Automatic;
				INFOPLIST_FILE = DemoTests/Info.plist;
				LD_RUNPATH_SEARCH_PATHS = (
					"$(inherited)",
					"@executable_path/Frameworks",
					"@loader_path/Frameworks",
				);
				PRODUCT_BUNDLE_IDENTIFIER = ca.ciccc.c.wataru.DemoTests;
				PRODUCT_NAME = "$(TARGET_NAME)";
				SWIFT_VERSION = 4.0;
				TARGETED_DEVICE_FAMILY = "1,2";
				TEST_HOST = "$(BUILT_PRODUCTS_DIR)/Demo.app/Demo";
			};
			name = Debug;
		};
		DE76D32720B4BC160001E30D /* Release */ = {
			isa = XCBuildConfiguration;
			buildSettings = {
				ALWAYS_EMBED_SWIFT_STANDARD_LIBRARIES = YES;
				BUNDLE_LOADER = "$(TEST_HOST)";
				CODE_SIGN_STYLE = Automatic;
				INFOPLIST_FILE = DemoTests/Info.plist;
				LD_RUNPATH_SEARCH_PATHS = (
					"$(inherited)",
					"@executable_path/Frameworks",
					"@loader_path/Frameworks",
				);
				PRODUCT_BUNDLE_IDENTIFIER = ca.ciccc.c.wataru.DemoTests;
				PRODUCT_NAME = "$(TARGET_NAME)";
				SWIFT_VERSION = 4.0;
				TARGETED_DEVICE_FAMILY = "1,2";
				TEST_HOST = "$(BUILT_PRODUCTS_DIR)/Demo.app/Demo";
			};
			name = Release;
		};
		DE76D32920B4BC160001E30D /* Debug */ = {
			isa = XCBuildConfiguration;
			buildSettings = {
				ALWAYS_EMBED_SWIFT_STANDARD_LIBRARIES = YES;
				CODE_SIGN_STYLE = Automatic;
				INFOPLIST_FILE = DemoUITests/Info.plist;
				LD_RUNPATH_SEARCH_PATHS = (
					"$(inherited)",
					"@executable_path/Frameworks",
					"@loader_path/Frameworks",
				);
				PRODUCT_BUNDLE_IDENTIFIER = ca.ciccc.c.wataru.DemoUITests;
				PRODUCT_NAME = "$(TARGET_NAME)";
				SWIFT_VERSION = 4.0;
				TARGETED_DEVICE_FAMILY = "1,2";
				TEST_TARGET_NAME = Demo;
			};
			name = Debug;
		};
		DE76D32A20B4BC160001E30D /* Release */ = {
			isa = XCBuildConfiguration;
			buildSettings = {
				ALWAYS_EMBED_SWIFT_STANDARD_LIBRARIES = YES;
				CODE_SIGN_STYLE = Automatic;
				INFOPLIST_FILE = DemoUITests/Info.plist;
				LD_RUNPATH_SEARCH_PATHS = (
					"$(inherited)",
					"@executable_path/Frameworks",
					"@loader_path/Frameworks",
				);
				PRODUCT_BUNDLE_IDENTIFIER = ca.ciccc.c.wataru.DemoUITests;
				PRODUCT_NAME = "$(TARGET_NAME)";
				SWIFT_VERSION = 4.0;
				TARGETED_DEVICE_FAMILY = "1,2";
				TEST_TARGET_NAME = Demo;
			};
			name = Release;
		};
/* End XCBuildConfiguration section */

/* Begin XCConfigurationList section */
		DE76D2F520B4BC130001E30D /* Build configuration list for PBXProject "Demo" */ = {
			isa = XCConfigurationList;
			buildConfigurations = (
				DE76D32020B4BC160001E30D /* Debug */,
				DE76D32120B4BC160001E30D /* Release */,
			);
			defaultConfigurationIsVisible = 0;
			defaultConfigurationName = Release;
		};
		DE76D32220B4BC160001E30D /* Build configuration list for PBXNativeTarget "Demo" */ = {
			isa = XCConfigurationList;
			buildConfigurations = (
				DE76D32320B4BC160001E30D /* Debug */,
				DE76D32420B4BC160001E30D /* Release */,
			);
			defaultConfigurationIsVisible = 0;
			defaultConfigurationName = Release;
		};
		DE76D32520B4BC160001E30D /* Build configuration list for PBXNativeTarget "DemoTests" */ = {
			isa = XCConfigurationList;
			buildConfigurations = (
				DE76D32620B4BC160001E30D /* Debug */,
				DE76D32720B4BC160001E30D /* Release */,
			);
			defaultConfigurationIsVisible = 0;
			defaultConfigurationName = Release;
		};
		DE76D32820B4BC160001E30D /* Build configuration list for PBXNativeTarget "DemoUITests" */ = {
			isa = XCConfigurationList;
			buildConfigurations = (
				DE76D32920B4BC160001E30D /* Debug */,
				DE76D32A20B4BC160001E30D /* Release */,
			);
			defaultConfigurationIsVisible = 0;
			defaultConfigurationName = Release;
		};
/* End XCConfigurationList section */
	};
	rootObject = DE76D2F220B4BC130001E30D /* Project object */;
}
