// !$*UTF8*$!
{
	archiveVersion = 1;
	classes = {
	};
	objectVersion = 50;
	objects = {

/* Begin PBXBuildFile section */
		DE7494B820BF4D8A0042660B /* AppDelegate.swift in Sources */ = {isa = PBXBuildFile; fileRef = DE7494B720BF4D8A0042660B /* AppDelegate.swift */; };
		DE7494BA20BF4D8A0042660B /* ViewController.swift in Sources */ = {isa = PBXBuildFile; fileRef = DE7494B920BF4D8A0042660B /* ViewController.swift */; };
		DE7494BD20BF4D8A0042660B /* Main.storyboard in Resources */ = {isa = PBXBuildFile; fileRef = DE7494BB20BF4D8A0042660B /* Main.storyboard */; };
		DE7494BF20BF4D8D0042660B /* Assets.xcassets in Resources */ = {isa = PBXBuildFile; fileRef = DE7494BE20BF4D8D0042660B /* Assets.xcassets */; };
		DE7494C220BF4D8D0042660B /* LaunchScreen.storyboard in Resources */ = {isa = PBXBuildFile; fileRef = DE7494C020BF4D8D0042660B /* LaunchScreen.storyboard */; };
		DE7494CD20BF4D8D0042660B /* PlayingCardTests.swift in Sources */ = {isa = PBXBuildFile; fileRef = DE7494CC20BF4D8D0042660B /* PlayingCardTests.swift */; };
		DE7494D820BF4D8D0042660B /* PlayingCardUITests.swift in Sources */ = {isa = PBXBuildFile; fileRef = DE7494D720BF4D8D0042660B /* PlayingCardUITests.swift */; };
/* End PBXBuildFile section */

/* Begin PBXContainerItemProxy section */
		DE7494C920BF4D8D0042660B /* PBXContainerItemProxy */ = {
			isa = PBXContainerItemProxy;
			containerPortal = DE7494AC20BF4D8A0042660B /* Project object */;
			proxyType = 1;
			remoteGlobalIDString = DE7494B320BF4D8A0042660B;
			remoteInfo = PlayingCard;
		};
		DE7494D420BF4D8D0042660B /* PBXContainerItemProxy */ = {
			isa = PBXContainerItemProxy;
			containerPortal = DE7494AC20BF4D8A0042660B /* Project object */;
			proxyType = 1;
			remoteGlobalIDString = DE7494B320BF4D8A0042660B;
			remoteInfo = PlayingCard;
		};
/* End PBXContainerItemProxy section */

/* Begin PBXFileReference section */
		DE7494B420BF4D8A0042660B /* PlayingCard.app */ = {isa = PBXFileReference; explicitFileType = wrapper.application; includeInIndex = 0; path = PlayingCard.app; sourceTree = BUILT_PRODUCTS_DIR; };
		DE7494B720BF4D8A0042660B /* AppDelegate.swift */ = {isa = PBXFileReference; lastKnownFileType = sourcecode.swift; path = AppDelegate.swift; sourceTree = "<group>"; };
		DE7494B920BF4D8A0042660B /* ViewController.swift */ = {isa = PBXFileReference; lastKnownFileType = sourcecode.swift; path = ViewController.swift; sourceTree = "<group>"; };
		DE7494BC20BF4D8A0042660B /* Base */ = {isa = PBXFileReference; lastKnownFileType = file.storyboard; name = Base; path = Base.lproj/Main.storyboard; sourceTree = "<group>"; };
		DE7494BE20BF4D8D0042660B /* Assets.xcassets */ = {isa = PBXFileReference; lastKnownFileType = folder.assetcatalog; path = Assets.xcassets; sourceTree = "<group>"; };
		DE7494C120BF4D8D0042660B /* Base */ = {isa = PBXFileReference; lastKnownFileType = file.storyboard; name = Base; path = Base.lproj/LaunchScreen.storyboard; sourceTree = "<group>"; };
		DE7494C320BF4D8D0042660B /* Info.plist */ = {isa = PBXFileReference; lastKnownFileType = text.plist.xml; path = Info.plist; sourceTree = "<group>"; };
		DE7494C820BF4D8D0042660B /* PlayingCardTests.xctest */ = {isa = PBXFileReference; explicitFileType = wrapper.cfbundle; includeInIndex = 0; path = PlayingCardTests.xctest; sourceTree = BUILT_PRODUCTS_DIR; };
		DE7494CC20BF4D8D0042660B /* PlayingCardTests.swift */ = {isa = PBXFileReference; lastKnownFileType = sourcecode.swift; path = PlayingCardTests.swift; sourceTree = "<group>"; };
		DE7494CE20BF4D8D0042660B /* Info.plist */ = {isa = PBXFileReference; lastKnownFileType = text.plist.xml; path = Info.plist; sourceTree = "<group>"; };
		DE7494D320BF4D8D0042660B /* PlayingCardUITests.xctest */ = {isa = PBXFileReference; explicitFileType = wrapper.cfbundle; includeInIndex = 0; path = PlayingCardUITests.xctest; sourceTree = BUILT_PRODUCTS_DIR; };
		DE7494D720BF4D8D0042660B /* PlayingCardUITests.swift */ = {isa = PBXFileReference; lastKnownFileType = sourcecode.swift; path = PlayingCardUITests.swift; sourceTree = "<group>"; };
		DE7494D920BF4D8D0042660B /* Info.plist */ = {isa = PBXFileReference; lastKnownFileType = text.plist.xml; path = Info.plist; sourceTree = "<group>"; };
/* End PBXFileReference section */

/* Begin PBXFrameworksBuildPhase section */
		DE7494B120BF4D8A0042660B /* Frameworks */ = {
			isa = PBXFrameworksBuildPhase;
			buildActionMask = 2147483647;
			files = (
			);
			runOnlyForDeploymentPostprocessing = 0;
		};
		DE7494C520BF4D8D0042660B /* Frameworks */ = {
			isa = PBXFrameworksBuildPhase;
			buildActionMask = 2147483647;
			files = (
			);
			runOnlyForDeploymentPostprocessing = 0;
		};
		DE7494D020BF4D8D0042660B /* Frameworks */ = {
			isa = PBXFrameworksBuildPhase;
			buildActionMask = 2147483647;
			files = (
			);
			runOnlyForDeploymentPostprocessing = 0;
		};
/* End PBXFrameworksBuildPhase section */

/* Begin PBXGroup section */
		DE7494AB20BF4D8A0042660B = {
			isa = PBXGroup;
			children = (
				DE7494B620BF4D8A0042660B /* PlayingCard */,
				DE7494CB20BF4D8D0042660B /* PlayingCardTests */,
				DE7494D620BF4D8D0042660B /* PlayingCardUITests */,
				DE7494B520BF4D8A0042660B /* Products */,
			);
			sourceTree = "<group>";
		};
		DE7494B520BF4D8A0042660B /* Products */ = {
			isa = PBXGroup;
			children = (
				DE7494B420BF4D8A0042660B /* PlayingCard.app */,
				DE7494C820BF4D8D0042660B /* PlayingCardTests.xctest */,
				DE7494D320BF4D8D0042660B /* PlayingCardUITests.xctest */,
			);
			name = Products;
			sourceTree = "<group>";
		};
		DE7494B620BF4D8A0042660B /* PlayingCard */ = {
			isa = PBXGroup;
			children = (
				DE7494B720BF4D8A0042660B /* AppDelegate.swift */,
				DE7494B920BF4D8A0042660B /* ViewController.swift */,
				DE7494BB20BF4D8A0042660B /* Main.storyboard */,
				DE7494BE20BF4D8D0042660B /* Assets.xcassets */,
				DE7494C020BF4D8D0042660B /* LaunchScreen.storyboard */,
				DE7494C320BF4D8D0042660B /* Info.plist */,
			);
			path = PlayingCard;
			sourceTree = "<group>";
		};
		DE7494CB20BF4D8D0042660B /* PlayingCardTests */ = {
			isa = PBXGroup;
			children = (
				DE7494CC20BF4D8D0042660B /* PlayingCardTests.swift */,
				DE7494CE20BF4D8D0042660B /* Info.plist */,
			);
			path = PlayingCardTests;
			sourceTree = "<group>";
		};
		DE7494D620BF4D8D0042660B /* PlayingCardUITests */ = {
			isa = PBXGroup;
			children = (
				DE7494D720BF4D8D0042660B /* PlayingCardUITests.swift */,
				DE7494D920BF4D8D0042660B /* Info.plist */,
			);
			path = PlayingCardUITests;
			sourceTree = "<group>";
		};
/* End PBXGroup section */

/* Begin PBXNativeTarget section */
		DE7494B320BF4D8A0042660B /* PlayingCard */ = {
			isa = PBXNativeTarget;
			buildConfigurationList = DE7494DC20BF4D8D0042660B /* Build configuration list for PBXNativeTarget "PlayingCard" */;
			buildPhases = (
				DE7494B020BF4D8A0042660B /* Sources */,
				DE7494B120BF4D8A0042660B /* Frameworks */,
				DE7494B220BF4D8A0042660B /* Resources */,
			);
			buildRules = (
			);
			dependencies = (
			);
			name = PlayingCard;
			productName = PlayingCard;
			productReference = DE7494B420BF4D8A0042660B /* PlayingCard.app */;
			productType = "com.apple.product-type.application";
		};
		DE7494C720BF4D8D0042660B /* PlayingCardTests */ = {
			isa = PBXNativeTarget;
			buildConfigurationList = DE7494DF20BF4D8D0042660B /* Build configuration list for PBXNativeTarget "PlayingCardTests" */;
			buildPhases = (
				DE7494C420BF4D8D0042660B /* Sources */,
				DE7494C520BF4D8D0042660B /* Frameworks */,
				DE7494C620BF4D8D0042660B /* Resources */,
			);
			buildRules = (
			);
			dependencies = (
				DE7494CA20BF4D8D0042660B /* PBXTargetDependency */,
			);
			name = PlayingCardTests;
			productName = PlayingCardTests;
			productReference = DE7494C820BF4D8D0042660B /* PlayingCardTests.xctest */;
			productType = "com.apple.product-type.bundle.unit-test";
		};
		DE7494D220BF4D8D0042660B /* PlayingCardUITests */ = {
			isa = PBXNativeTarget;
			buildConfigurationList = DE7494E220BF4D8D0042660B /* Build configuration list for PBXNativeTarget "PlayingCardUITests" */;
			buildPhases = (
				DE7494CF20BF4D8D0042660B /* Sources */,
				DE7494D020BF4D8D0042660B /* Frameworks */,
				DE7494D120BF4D8D0042660B /* Resources */,
			);
			buildRules = (
			);
			dependencies = (
				DE7494D520BF4D8D0042660B /* PBXTargetDependency */,
			);
			name = PlayingCardUITests;
			productName = PlayingCardUITests;
			productReference = DE7494D320BF4D8D0042660B /* PlayingCardUITests.xctest */;
			productType = "com.apple.product-type.bundle.ui-testing";
		};
/* End PBXNativeTarget section */

/* Begin PBXProject section */
		DE7494AC20BF4D8A0042660B /* Project object */ = {
			isa = PBXProject;
			attributes = {
				LastSwiftUpdateCheck = 0930;
				LastUpgradeCheck = 0930;
				ORGANIZATIONNAME = "佐藤亘";
				TargetAttributes = {
					DE7494B320BF4D8A0042660B = {
						CreatedOnToolsVersion = 9.3.1;
					};
					DE7494C720BF4D8D0042660B = {
						CreatedOnToolsVersion = 9.3.1;
						TestTargetID = DE7494B320BF4D8A0042660B;
					};
					DE7494D220BF4D8D0042660B = {
						CreatedOnToolsVersion = 9.3.1;
						TestTargetID = DE7494B320BF4D8A0042660B;
					};
				};
			};
			buildConfigurationList = DE7494AF20BF4D8A0042660B /* Build configuration list for PBXProject "PlayingCard" */;
			compatibilityVersion = "Xcode 9.3";
			developmentRegion = en;
			hasScannedForEncodings = 0;
			knownRegions = (
				en,
				Base,
			);
			mainGroup = DE7494AB20BF4D8A0042660B;
			productRefGroup = DE7494B520BF4D8A0042660B /* Products */;
			projectDirPath = "";
			projectRoot = "";
			targets = (
				DE7494B320BF4D8A0042660B /* PlayingCard */,
				DE7494C720BF4D8D0042660B /* PlayingCardTests */,
				DE7494D220BF4D8D0042660B /* PlayingCardUITests */,
			);
		};
/* End PBXProject section */

/* Begin PBXResourcesBuildPhase section */
		DE7494B220BF4D8A0042660B /* Resources */ = {
			isa = PBXResourcesBuildPhase;
			buildActionMask = 2147483647;
			files = (
				DE7494C220BF4D8D0042660B /* LaunchScreen.storyboard in Resources */,
				DE7494BF20BF4D8D0042660B /* Assets.xcassets in Resources */,
				DE7494BD20BF4D8A0042660B /* Main.storyboard in Resources */,
			);
			runOnlyForDeploymentPostprocessing = 0;
		};
		DE7494C620BF4D8D0042660B /* Resources */ = {
			isa = PBXResourcesBuildPhase;
			buildActionMask = 2147483647;
			files = (
			);
			runOnlyForDeploymentPostprocessing = 0;
		};
		DE7494D120BF4D8D0042660B /* Resources */ = {
			isa = PBXResourcesBuildPhase;
			buildActionMask = 2147483647;
			files = (
			);
			runOnlyForDeploymentPostprocessing = 0;
		};
/* End PBXResourcesBuildPhase section */

/* Begin PBXSourcesBuildPhase section */
		DE7494B020BF4D8A0042660B /* Sources */ = {
			isa = PBXSourcesBuildPhase;
			buildActionMask = 2147483647;
			files = (
				DE7494BA20BF4D8A0042660B /* ViewController.swift in Sources */,
				DE7494B820BF4D8A0042660B /* AppDelegate.swift in Sources */,
			);
			runOnlyForDeploymentPostprocessing = 0;
		};
		DE7494C420BF4D8D0042660B /* Sources */ = {
			isa = PBXSourcesBuildPhase;
			buildActionMask = 2147483647;
			files = (
				DE7494CD20BF4D8D0042660B /* PlayingCardTests.swift in Sources */,
			);
			runOnlyForDeploymentPostprocessing = 0;
		};
		DE7494CF20BF4D8D0042660B /* Sources */ = {
			isa = PBXSourcesBuildPhase;
			buildActionMask = 2147483647;
			files = (
				DE7494D820BF4D8D0042660B /* PlayingCardUITests.swift in Sources */,
			);
			runOnlyForDeploymentPostprocessing = 0;
		};
/* End PBXSourcesBuildPhase section */

/* Begin PBXTargetDependency section */
		DE7494CA20BF4D8D0042660B /* PBXTargetDependency */ = {
			isa = PBXTargetDependency;
			target = DE7494B320BF4D8A0042660B /* PlayingCard */;
			targetProxy = DE7494C920BF4D8D0042660B /* PBXContainerItemProxy */;
		};
		DE7494D520BF4D8D0042660B /* PBXTargetDependency */ = {
			isa = PBXTargetDependency;
			target = DE7494B320BF4D8A0042660B /* PlayingCard */;
			targetProxy = DE7494D420BF4D8D0042660B /* PBXContainerItemProxy */;
		};
/* End PBXTargetDependency section */

/* Begin PBXVariantGroup section */
		DE7494BB20BF4D8A0042660B /* Main.storyboard */ = {
			isa = PBXVariantGroup;
			children = (
				DE7494BC20BF4D8A0042660B /* Base */,
			);
			name = Main.storyboard;
			sourceTree = "<group>";
		};
		DE7494C020BF4D8D0042660B /* LaunchScreen.storyboard */ = {
			isa = PBXVariantGroup;
			children = (
				DE7494C120BF4D8D0042660B /* Base */,
			);
			name = LaunchScreen.storyboard;
			sourceTree = "<group>";
		};
/* End PBXVariantGroup section */

/* Begin XCBuildConfiguration section */
		DE7494DA20BF4D8D0042660B /* Debug */ = {
			isa = XCBuildConfiguration;
			buildSettings = {
				ALWAYS_SEARCH_USER_PATHS = NO;
				CLANG_ANALYZER_NONNULL = YES;
				CLANG_ANALYZER_NUMBER_OBJECT_CONVERSION = YES_AGGRESSIVE;
				CLANG_CXX_LANGUAGE_STANDARD = "gnu++14";
				CLANG_CXX_LIBRARY = "libc++";
				CLANG_ENABLE_MODULES = YES;
				CLANG_ENABLE_OBJC_ARC = YES;
				CLANG_ENABLE_OBJC_WEAK = YES;
				CLANG_WARN_BLOCK_CAPTURE_AUTORELEASING = YES;
				CLANG_WARN_BOOL_CONVERSION = YES;
				CLANG_WARN_COMMA = YES;
				CLANG_WARN_CONSTANT_CONVERSION = YES;
				CLANG_WARN_DEPRECATED_OBJC_IMPLEMENTATIONS = YES;
				CLANG_WARN_DIRECT_OBJC_ISA_USAGE = YES_ERROR;
				CLANG_WARN_DOCUMENTATION_COMMENTS = YES;
				CLANG_WARN_EMPTY_BODY = YES;
				CLANG_WARN_ENUM_CONVERSION = YES;
				CLANG_WARN_INFINITE_RECURSION = YES;
				CLANG_WARN_INT_CONVERSION = YES;
				CLANG_WARN_NON_LITERAL_NULL_CONVERSION = YES;
				CLANG_WARN_OBJC_IMPLICIT_RETAIN_SELF = YES;
				CLANG_WARN_OBJC_LITERAL_CONVERSION = YES;
				CLANG_WARN_OBJC_ROOT_CLASS = YES_ERROR;
				CLANG_WARN_RANGE_LOOP_ANALYSIS = YES;
				CLANG_WARN_STRICT_PROTOTYPES = YES;
				CLANG_WARN_SUSPICIOUS_MOVE = YES;
				CLANG_WARN_UNGUARDED_AVAILABILITY = YES_AGGRESSIVE;
				CLANG_WARN_UNREACHABLE_CODE = YES;
				CLANG_WARN__DUPLICATE_METHOD_MATCH = YES;
				CODE_SIGN_IDENTITY = "iPhone Developer";
				COPY_PHASE_STRIP = NO;
				DEBUG_INFORMATION_FORMAT = dwarf;
				ENABLE_STRICT_OBJC_MSGSEND = YES;
				ENABLE_TESTABILITY = YES;
				GCC_C_LANGUAGE_STANDARD = gnu11;
				GCC_DYNAMIC_NO_PIC = NO;
				GCC_NO_COMMON_BLOCKS = YES;
				GCC_OPTIMIZATION_LEVEL = 0;
				GCC_PREPROCESSOR_DEFINITIONS = (
					"DEBUG=1",
					"$(inherited)",
				);
				GCC_WARN_64_TO_32_BIT_CONVERSION = YES;
				GCC_WARN_ABOUT_RETURN_TYPE = YES_ERROR;
				GCC_WARN_UNDECLARED_SELECTOR = YES;
				GCC_WARN_UNINITIALIZED_AUTOS = YES_AGGRESSIVE;
				GCC_WARN_UNUSED_FUNCTION = YES;
				GCC_WARN_UNUSED_VARIABLE = YES;
				IPHONEOS_DEPLOYMENT_TARGET = 11.3;
				MTL_ENABLE_DEBUG_INFO = YES;
				ONLY_ACTIVE_ARCH = YES;
				SDKROOT = iphoneos;
				SWIFT_ACTIVE_COMPILATION_CONDITIONS = DEBUG;
				SWIFT_OPTIMIZATION_LEVEL = "-Onone";
			};
			name = Debug;
		};
		DE7494DB20BF4D8D0042660B /* Release */ = {
			isa = XCBuildConfiguration;
			buildSettings = {
				ALWAYS_SEARCH_USER_PATHS = NO;
				CLANG_ANALYZER_NONNULL = YES;
				CLANG_ANALYZER_NUMBER_OBJECT_CONVERSION = YES_AGGRESSIVE;
				CLANG_CXX_LANGUAGE_STANDARD = "gnu++14";
				CLANG_CXX_LIBRARY = "libc++";
				CLANG_ENABLE_MODULES = YES;
				CLANG_ENABLE_OBJC_ARC = YES;
				CLANG_ENABLE_OBJC_WEAK = YES;
				CLANG_WARN_BLOCK_CAPTURE_AUTORELEASING = YES;
				CLANG_WARN_BOOL_CONVERSION = YES;
				CLANG_WARN_COMMA = YES;
				CLANG_WARN_CONSTANT_CONVERSION = YES;
				CLANG_WARN_DEPRECATED_OBJC_IMPLEMENTATIONS = YES;
				CLANG_WARN_DIRECT_OBJC_ISA_USAGE = YES_ERROR;
				CLANG_WARN_DOCUMENTATION_COMMENTS = YES;
				CLANG_WARN_EMPTY_BODY = YES;
				CLANG_WARN_ENUM_CONVERSION = YES;
				CLANG_WARN_INFINITE_RECURSION = YES;
				CLANG_WARN_INT_CONVERSION = YES;
				CLANG_WARN_NON_LITERAL_NULL_CONVERSION = YES;
				CLANG_WARN_OBJC_IMPLICIT_RETAIN_SELF = YES;
				CLANG_WARN_OBJC_LITERAL_CONVERSION = YES;
				CLANG_WARN_OBJC_ROOT_CLASS = YES_ERROR;
				CLANG_WARN_RANGE_LOOP_ANALYSIS = YES;
				CLANG_WARN_STRICT_PROTOTYPES = YES;
				CLANG_WARN_SUSPICIOUS_MOVE = YES;
				CLANG_WARN_UNGUARDED_AVAILABILITY = YES_AGGRESSIVE;
				CLANG_WARN_UNREACHABLE_CODE = YES;
				CLANG_WARN__DUPLICATE_METHOD_MATCH = YES;
				CODE_SIGN_IDENTITY = "iPhone Developer";
				COPY_PHASE_STRIP = NO;
				DEBUG_INFORMATION_FORMAT = "dwarf-with-dsym";
				ENABLE_NS_ASSERTIONS = NO;
				ENABLE_STRICT_OBJC_MSGSEND = YES;
				GCC_C_LANGUAGE_STANDARD = gnu11;
				GCC_NO_COMMON_BLOCKS = YES;
				GCC_WARN_64_TO_32_BIT_CONVERSION = YES;
				GCC_WARN_ABOUT_RETURN_TYPE = YES_ERROR;
				GCC_WARN_UNDECLARED_SELECTOR = YES;
				GCC_WARN_UNINITIALIZED_AUTOS = YES_AGGRESSIVE;
				GCC_WARN_UNUSED_FUNCTION = YES;
				GCC_WARN_UNUSED_VARIABLE = YES;
				IPHONEOS_DEPLOYMENT_TARGET = 11.3;
				MTL_ENABLE_DEBUG_INFO = NO;
				SDKROOT = iphoneos;
				SWIFT_COMPILATION_MODE = wholemodule;
				SWIFT_OPTIMIZATION_LEVEL = "-O";
				VALIDATE_PRODUCT = YES;
			};
			name = Release;
		};
		DE7494DD20BF4D8D0042660B /* Debug */ = {
			isa = XCBuildConfiguration;
			buildSettings = {
				ASSETCATALOG_COMPILER_APPICON_NAME = AppIcon;
				CODE_SIGN_STYLE = Automatic;
				INFOPLIST_FILE = PlayingCard/Info.plist;
				LD_RUNPATH_SEARCH_PATHS = (
					"$(inherited)",
					"@executable_path/Frameworks",
				);
				PRODUCT_BUNDLE_IDENTIFIER = ca.ciccc.c.wataru.PlayingCard;
				PRODUCT_NAME = "$(TARGET_NAME)";
				SWIFT_VERSION = 4.0;
				TARGETED_DEVICE_FAMILY = "1,2";
			};
			name = Debug;
		};
		DE7494DE20BF4D8D0042660B /* Release */ = {
			isa = XCBuildConfiguration;
			buildSettings = {
				ASSETCATALOG_COMPILER_APPICON_NAME = AppIcon;
				CODE_SIGN_STYLE = Automatic;
				INFOPLIST_FILE = PlayingCard/Info.plist;
				LD_RUNPATH_SEARCH_PATHS = (
					"$(inherited)",
					"@executable_path/Frameworks",
				);
				PRODUCT_BUNDLE_IDENTIFIER = ca.ciccc.c.wataru.PlayingCard;
				PRODUCT_NAME = "$(TARGET_NAME)";
				SWIFT_VERSION = 4.0;
				TARGETED_DEVICE_FAMILY = "1,2";
			};
			name = Release;
		};
		DE7494E020BF4D8D0042660B /* Debug */ = {
			isa = XCBuildConfiguration;
			buildSettings = {
				ALWAYS_EMBED_SWIFT_STANDARD_LIBRARIES = YES;
				BUNDLE_LOADER = "$(TEST_HOST)";
				CODE_SIGN_STYLE = Automatic;
				INFOPLIST_FILE = PlayingCardTests/Info.plist;
				LD_RUNPATH_SEARCH_PATHS = (
					"$(inherited)",
					"@executable_path/Frameworks",
					"@loader_path/Frameworks",
				);
				PRODUCT_BUNDLE_IDENTIFIER = ca.ciccc.c.wataru.PlayingCardTests;
				PRODUCT_NAME = "$(TARGET_NAME)";
				SWIFT_VERSION = 4.0;
				TARGETED_DEVICE_FAMILY = "1,2";
				TEST_HOST = "$(BUILT_PRODUCTS_DIR)/PlayingCard.app/PlayingCard";
			};
			name = Debug;
		};
		DE7494E120BF4D8D0042660B /* Release */ = {
			isa = XCBuildConfiguration;
			buildSettings = {
				ALWAYS_EMBED_SWIFT_STANDARD_LIBRARIES = YES;
				BUNDLE_LOADER = "$(TEST_HOST)";
				CODE_SIGN_STYLE = Automatic;
				INFOPLIST_FILE = PlayingCardTests/Info.plist;
				LD_RUNPATH_SEARCH_PATHS = (
					"$(inherited)",
					"@executable_path/Frameworks",
					"@loader_path/Frameworks",
				);
				PRODUCT_BUNDLE_IDENTIFIER = ca.ciccc.c.wataru.PlayingCardTests;
				PRODUCT_NAME = "$(TARGET_NAME)";
				SWIFT_VERSION = 4.0;
				TARGETED_DEVICE_FAMILY = "1,2";
				TEST_HOST = "$(BUILT_PRODUCTS_DIR)/PlayingCard.app/PlayingCard";
			};
			name = Release;
		};
		DE7494E320BF4D8D0042660B /* Debug */ = {
			isa = XCBuildConfiguration;
			buildSettings = {
				ALWAYS_EMBED_SWIFT_STANDARD_LIBRARIES = YES;
				CODE_SIGN_STYLE = Automatic;
				INFOPLIST_FILE = PlayingCardUITests/Info.plist;
				LD_RUNPATH_SEARCH_PATHS = (
					"$(inherited)",
					"@executable_path/Frameworks",
					"@loader_path/Frameworks",
				);
				PRODUCT_BUNDLE_IDENTIFIER = ca.ciccc.c.wataru.PlayingCardUITests;
				PRODUCT_NAME = "$(TARGET_NAME)";
				SWIFT_VERSION = 4.0;
				TARGETED_DEVICE_FAMILY = "1,2";
				TEST_TARGET_NAME = PlayingCard;
			};
			name = Debug;
		};
		DE7494E420BF4D8D0042660B /* Release */ = {
			isa = XCBuildConfiguration;
			buildSettings = {
				ALWAYS_EMBED_SWIFT_STANDARD_LIBRARIES = YES;
				CODE_SIGN_STYLE = Automatic;
				INFOPLIST_FILE = PlayingCardUITests/Info.plist;
				LD_RUNPATH_SEARCH_PATHS = (
					"$(inherited)",
					"@executable_path/Frameworks",
					"@loader_path/Frameworks",
				);
				PRODUCT_BUNDLE_IDENTIFIER = ca.ciccc.c.wataru.PlayingCardUITests;
				PRODUCT_NAME = "$(TARGET_NAME)";
				SWIFT_VERSION = 4.0;
				TARGETED_DEVICE_FAMILY = "1,2";
				TEST_TARGET_NAME = PlayingCard;
			};
			name = Release;
		};
/* End XCBuildConfiguration section */

/* Begin XCConfigurationList section */
		DE7494AF20BF4D8A0042660B /* Build configuration list for PBXProject "PlayingCard" */ = {
			isa = XCConfigurationList;
			buildConfigurations = (
				DE7494DA20BF4D8D0042660B /* Debug */,
				DE7494DB20BF4D8D0042660B /* Release */,
			);
			defaultConfigurationIsVisible = 0;
			defaultConfigurationName = Release;
		};
		DE7494DC20BF4D8D0042660B /* Build configuration list for PBXNativeTarget "PlayingCard" */ = {
			isa = XCConfigurationList;
			buildConfigurations = (
				DE7494DD20BF4D8D0042660B /* Debug */,
				DE7494DE20BF4D8D0042660B /* Release */,
			);
			defaultConfigurationIsVisible = 0;
			defaultConfigurationName = Release;
		};
		DE7494DF20BF4D8D0042660B /* Build configuration list for PBXNativeTarget "PlayingCardTests" */ = {
			isa = XCConfigurationList;
			buildConfigurations = (
				DE7494E020BF4D8D0042660B /* Debug */,
				DE7494E120BF4D8D0042660B /* Release */,
			);
			defaultConfigurationIsVisible = 0;
			defaultConfigurationName = Release;
		};
		DE7494E220BF4D8D0042660B /* Build configuration list for PBXNativeTarget "PlayingCardUITests" */ = {
			isa = XCConfigurationList;
			buildConfigurations = (
				DE7494E320BF4D8D0042660B /* Debug */,
				DE7494E420BF4D8D0042660B /* Release */,
			);
			defaultConfigurationIsVisible = 0;
			defaultConfigurationName = Release;
		};
/* End XCConfigurationList section */
	};
	rootObject = DE7494AC20BF4D8A0042660B /* Project object */;
}
